// !$*UTF8*$!
{
	archiveVersion = 1;
	classes = {
	};
	objectVersion = 46;
	objects = {

/* Begin PBXBuildFile section */
		0706DE0214A2A6F90023AE8E /* Foundation.framework in Frameworks */ = {isa = PBXBuildFile; fileRef = 0706DE0114A2A6F90023AE8E /* Foundation.framework */; };
		0706DE0414A2A6F90023AE8E /* UIKit.framework in Frameworks */ = {isa = PBXBuildFile; fileRef = 0706DE0314A2A6F90023AE8E /* UIKit.framework */; };
		0706DE0614A2A6F90023AE8E /* CoreGraphics.framework in Frameworks */ = {isa = PBXBuildFile; fileRef = 0706DE0514A2A6F90023AE8E /* CoreGraphics.framework */; };
		0706DE0814A2A6F90023AE8E /* AddressBook.framework in Frameworks */ = {isa = PBXBuildFile; fileRef = 0706DE0714A2A6F90023AE8E /* AddressBook.framework */; };
		0706DE0A14A2A6F90023AE8E /* AddressBookUI.framework in Frameworks */ = {isa = PBXBuildFile; fileRef = 0706DE0914A2A6F90023AE8E /* AddressBookUI.framework */; };
		0706DE0C14A2A6F90023AE8E /* AudioToolbox.framework in Frameworks */ = {isa = PBXBuildFile; fileRef = 0706DE0B14A2A6F90023AE8E /* AudioToolbox.framework */; };
		0706DE0E14A2A6F90023AE8E /* AVFoundation.framework in Frameworks */ = {isa = PBXBuildFile; fileRef = 0706DE0D14A2A6F90023AE8E /* AVFoundation.framework */; };
		0706DE1014A2A6F90023AE8E /* CoreLocation.framework in Frameworks */ = {isa = PBXBuildFile; fileRef = 0706DE0F14A2A6F90023AE8E /* CoreLocation.framework */; };
		0706DE1214A2A6F90023AE8E /* MediaPlayer.framework in Frameworks */ = {isa = PBXBuildFile; fileRef = 0706DE1114A2A6F90023AE8E /* MediaPlayer.framework */; };
		0706DE1414A2A6F90023AE8E /* QuartzCore.framework in Frameworks */ = {isa = PBXBuildFile; fileRef = 0706DE1314A2A6F90023AE8E /* QuartzCore.framework */; };
		0706DE1614A2A6F90023AE8E /* SystemConfiguration.framework in Frameworks */ = {isa = PBXBuildFile; fileRef = 0706DE1514A2A6F90023AE8E /* SystemConfiguration.framework */; };
		0706DE1814A2A6F90023AE8E /* MobileCoreServices.framework in Frameworks */ = {isa = PBXBuildFile; fileRef = 0706DE1714A2A6F90023AE8E /* MobileCoreServices.framework */; };
		0706DE1A14A2A6F90023AE8E /* CoreMedia.framework in Frameworks */ = {isa = PBXBuildFile; fileRef = 0706DE1914A2A6F90023AE8E /* CoreMedia.framework */; };
		0706DE2214A2A6F90023AE8E /* main.m in Sources */ = {isa = PBXBuildFile; fileRef = 0706DE2114A2A6F90023AE8E /* main.m */; };
		0706DE3814A2A6F90023AE8E /* Default.png in Resources */ = {isa = PBXBuildFile; fileRef = 0706DE3714A2A6F90023AE8E /* Default.png */; };
		0706DE3A14A2A6F90023AE8E /* Default@2x.png in Resources */ = {isa = PBXBuildFile; fileRef = 0706DE3914A2A6F90023AE8E /* Default@2x.png */; };
		0706DE3E14A2A6F90023AE8E /* Cordova.plist in Resources */ = {isa = PBXBuildFile; fileRef = 0706DE3D14A2A6F90023AE8E /* Cordova.plist */; };
		0706DE5714A2A8D10023AE8E /* www in Resources */ = {isa = PBXBuildFile; fileRef = 0706DE5614A2A8D10023AE8E /* www */; };
		0711C8011614AC7C002F0AC2 /* HtmlWebViewController.m in Sources */ = {isa = PBXBuildFile; fileRef = 0711C7F11614AC7C002F0AC2 /* HtmlWebViewController.m */; };
		0711C8021614AC7C002F0AC2 /* PushNotificationManager.m in Sources */ = {isa = PBXBuildFile; fileRef = 0711C7F31614AC7C002F0AC2 /* PushNotificationManager.m */; };
		0711C8031614AC7C002F0AC2 /* PWGetNearestZoneRequest.m in Sources */ = {isa = PBXBuildFile; fileRef = 0711C7F51614AC7C002F0AC2 /* PWGetNearestZoneRequest.m */; };
		0711C8041614AC7C002F0AC2 /* PWPushStatRequest.m in Sources */ = {isa = PBXBuildFile; fileRef = 0711C7F71614AC7C002F0AC2 /* PWPushStatRequest.m */; };
		0711C8051614AC7C002F0AC2 /* PWRegisterDeviceRequest.m in Sources */ = {isa = PBXBuildFile; fileRef = 0711C7F91614AC7C002F0AC2 /* PWRegisterDeviceRequest.m */; };
		0711C8061614AC7C002F0AC2 /* PWRequest.m in Sources */ = {isa = PBXBuildFile; fileRef = 0711C7FB1614AC7C002F0AC2 /* PWRequest.m */; };
		0711C8071614AC7C002F0AC2 /* PWRequestManager.m in Sources */ = {isa = PBXBuildFile; fileRef = 0711C7FD1614AC7C002F0AC2 /* PWRequestManager.m */; };
		0711C8081614AC7C002F0AC2 /* PWSetTagsRequest.m in Sources */ = {isa = PBXBuildFile; fileRef = 0711C7FF1614AC7C002F0AC2 /* PWSetTagsRequest.m */; };
		0711C8091614AC7C002F0AC2 /* README in Resources */ = {isa = PBXBuildFile; fileRef = 0711C8001614AC7C002F0AC2 /* README */; };
		0711C80E1614D525002F0AC2 /* debug in Resources */ = {isa = PBXBuildFile; fileRef = 0711C80B1614D525002F0AC2 /* debug */; };
		0711C80F1614D525002F0AC2 /* emulate in Resources */ = {isa = PBXBuildFile; fileRef = 0711C80C1614D525002F0AC2 /* emulate */; };
		0711C8101614D525002F0AC2 /* log in Resources */ = {isa = PBXBuildFile; fileRef = 0711C80D1614D525002F0AC2 /* log */; };
		0715FE561607ED4600A6501C /* libsqlite3.0.dylib in Frameworks */ = {isa = PBXBuildFile; fileRef = 0715FE551607ED4600A6501C /* libsqlite3.0.dylib */; };
		072FAF7E163B14F6001E8EA9 /* Default-568h@2x.png in Resources */ = {isa = PBXBuildFile; fileRef = 072FAF7D163B14F6001E8EA9 /* Default-568h@2x.png */; };
		0736AF0215801F73008C0D98 /* CoreVideo.framework in Frameworks */ = {isa = PBXBuildFile; fileRef = 0736AF0115801F73008C0D98 /* CoreVideo.framework */; };
		0736AF0415801F8D008C0D98 /* AssetsLibrary.framework in Frameworks */ = {isa = PBXBuildFile; fileRef = 0736AF0315801F8D008C0D98 /* AssetsLibrary.framework */; };
		0736AF0615801FCB008C0D98 /* libiconv.dylib in Frameworks */ = {isa = PBXBuildFile; fileRef = 0736AF0515801FCB008C0D98 /* libiconv.dylib */; };
		0739AF64158DCAB600FA5050 /* Capture.bundle in Resources */ = {isa = PBXBuildFile; fileRef = 0739AF63158DCAB600FA5050 /* Capture.bundle */; };
		073B1E76156D96E1000FB928 /* NSDataAdditions.m in Sources */ = {isa = PBXBuildFile; fileRef = 073B1E75156D96E1000FB928 /* NSDataAdditions.m */; settings = {COMPILER_FLAGS = "-fno-objc-arc"; }; };
		07646DAB14AC3C840098B6D2 /* Default.png in Resources */ = {isa = PBXBuildFile; fileRef = 07646DAA14AC3C840098B6D2 /* Default.png */; };
		07646DAE14AC3C9A0098B6D2 /* Default@2x.png in Resources */ = {isa = PBXBuildFile; fileRef = 07646DAD14AC3C9A0098B6D2 /* Default@2x.png */; };
		076ACD181644F27000270053 /* libCordova.a in Frameworks */ = {isa = PBXBuildFile; fileRef = 072FB0671644E3C0001E8EA9 /* libCordova.a */; };
		076ACD1B16459C5B00270053 /* Default-568h@2x.png in Resources */ = {isa = PBXBuildFile; fileRef = 076ACD1A16459C5B00270053 /* Default-568h@2x.png */; };
		077DECD416333BAF00FDF078 /* FacebookSDK.framework in Frameworks */ = {isa = PBXBuildFile; fileRef = 077DECD316333BAF00FDF078 /* FacebookSDK.framework */; };
		077DECD816333C6200FDF078 /* FacebookSDKResources.bundle in Resources */ = {isa = PBXBuildFile; fileRef = 077DECD716333C6200FDF078 /* FacebookSDKResources.bundle */; };
		077DECFA16333D9C00FDF078 /* Social.framework in Frameworks */ = {isa = PBXBuildFile; fileRef = 077DECF916333D9C00FDF078 /* Social.framework */; settings = {ATTRIBUTES = (Weak, ); }; };
		077DECFC16333DAB00FDF078 /* Accounts.framework in Frameworks */ = {isa = PBXBuildFile; fileRef = 077DECFB16333DAB00FDF078 /* Accounts.framework */; settings = {ATTRIBUTES = (Weak, ); }; };
		077DECFE16333DB000FDF078 /* AdSupport.framework in Frameworks */ = {isa = PBXBuildFile; fileRef = 077DECFD16333DB000FDF078 /* AdSupport.framework */; settings = {ATTRIBUTES = (Weak, ); }; };
		0799AFCD156C454700C43BC4 /* MessageUI.framework in Frameworks */ = {isa = PBXBuildFile; fileRef = 0799AFCC156C454700C43BC4 /* MessageUI.framework */; };
		079CA209159F8F930026A58E /* PushNotification.m in Sources */ = {isa = PBXBuildFile; fileRef = 079CA208159F8F930026A58E /* PushNotification.m */; };
		079CA236159F94960026A58E /* barcodescanner.js in Sources */ = {isa = PBXBuildFile; fileRef = 079CA21D159F94960026A58E /* barcodescanner.js */; };
		079CA237159F94960026A58E /* .gitignore in Resources */ = {isa = PBXBuildFile; fileRef = 079CA21F159F94960026A58E /* .gitignore */; };
		079CA238159F94960026A58E /* Makefile in Sources */ = {isa = PBXBuildFile; fileRef = 079CA220159F94960026A58E /* Makefile */; };
		079CA239159F94960026A58E /* onefile-zxing.py in Resources */ = {isa = PBXBuildFile; fileRef = 079CA221159F94960026A58E /* onefile-zxing.py */; };
		079CA23A159F94960026A58E /* CDVBarcodeScanner.mm in Sources */ = {isa = PBXBuildFile; fileRef = 079CA222159F94960026A58E /* CDVBarcodeScanner.mm */; };
		079CA23B159F94960026A58E /* README.md in Resources */ = {isa = PBXBuildFile; fileRef = 079CA223159F94960026A58E /* README.md */; };
		079CA23C159F94960026A58E /* scannerOverlay.xib in Resources */ = {isa = PBXBuildFile; fileRef = 079CA224159F94960026A58E /* scannerOverlay.xib */; };
		079CA23D159F94960026A58E /* zxing-all-in-one.cpp in Sources */ = {isa = PBXBuildFile; fileRef = 079CA225159F94960026A58E /* zxing-all-in-one.cpp */; };
		079CA23E159F94960026A58E /* EmailComposer.js in Sources */ = {isa = PBXBuildFile; fileRef = 079CA229159F94960026A58E /* EmailComposer.js */; };
		079CA23F159F94960026A58E /* EmailComposer.m in Sources */ = {isa = PBXBuildFile; fileRef = 079CA22A159F94960026A58E /* EmailComposer.m */; };
		079CA240159F94960026A58E /* index.html in Resources */ = {isa = PBXBuildFile; fileRef = 079CA22B159F94960026A58E /* index.html */; };
		079CA241159F94960026A58E /* readme.md in Resources */ = {isa = PBXBuildFile; fileRef = 079CA22C159F94960026A58E /* readme.md */; };
		079CA242159F94960026A58E /* FacebookConnectPlugin.m in Sources */ = {isa = PBXBuildFile; fileRef = 079CA22F159F94960026A58E /* FacebookConnectPlugin.m */; };
		079CA243159F94960026A58E /* LowLatencyAudio.m in Sources */ = {isa = PBXBuildFile; fileRef = 079CA233159F94960026A58E /* LowLatencyAudio.m */; };
		079CA244159F94960026A58E /* LowLatencyAudioAsset.m in Sources */ = {isa = PBXBuildFile; fileRef = 079CA235159F94960026A58E /* LowLatencyAudioAsset.m */; };
		07B69F0B15ECBBC1002F781E /* Bluetooth.js in Sources */ = {isa = PBXBuildFile; fileRef = 07B69F0915ECBBC1002F781E /* Bluetooth.js */; };
		07B69F0C15ECBBC1002F781E /* Bluetooth.m in Sources */ = {isa = PBXBuildFile; fileRef = 07B69F0A15ECBBC1002F781E /* Bluetooth.m */; };
		07B69F0E15ECBBDB002F781E /* GameKit.framework in Frameworks */ = {isa = PBXBuildFile; fileRef = 07B69F0D15ECBBDB002F781E /* GameKit.framework */; };
		07D0AAE0150A9355000E07EC /* icon-72.png in Resources */ = {isa = PBXBuildFile; fileRef = 07D0AADD150A9355000E07EC /* icon-72.png */; };
		07D0AAE1150A9355000E07EC /* icon.png in Resources */ = {isa = PBXBuildFile; fileRef = 07D0AADE150A9355000E07EC /* icon.png */; };
		07D0AAE2150A9355000E07EC /* icon@2x.png in Resources */ = {isa = PBXBuildFile; fileRef = 07D0AADF150A9355000E07EC /* icon@2x.png */; };
		07D0AAF8150A940C000E07EC /* Localizable.strings in Resources */ = {isa = PBXBuildFile; fileRef = 07D0AAEF150A940C000E07EC /* Localizable.strings */; };
		07D0AAFF150A9497000E07EC /* AppDelegate.m in Sources */ = {isa = PBXBuildFile; fileRef = 07D0AAFC150A9496000E07EC /* AppDelegate.m */; };
		07D0AB00150A9497000E07EC /* MainViewController.m in Sources */ = {isa = PBXBuildFile; fileRef = 07D0AAFE150A9497000E07EC /* MainViewController.m */; };
		07D0AB02150A94C6000E07EC /* MainViewController.xib in Resources */ = {isa = PBXBuildFile; fileRef = 07D0AB01150A94C6000E07EC /* MainViewController.xib */; };
		07D9A98F1580962200AD5447 /* beep.wav in Resources */ = {isa = PBXBuildFile; fileRef = 07D9A98E1580962200AD5447 /* beep.wav */; };
		07DA345F155DA5E3004E655A /* appicon.png in Resources */ = {isa = PBXBuildFile; fileRef = 07DA345E155DA5E3004E655A /* appicon.png */; };
		07DA35201561F980004E655A /* appicon3g.png in Resources */ = {isa = PBXBuildFile; fileRef = 07DA351F1561F980004E655A /* appicon3g.png */; };
		07E94F311637D54D0094559E /* PWSendBadgeRequest.m in Sources */ = {isa = PBXBuildFile; fileRef = 07E94F301637D54D0094559E /* PWSendBadgeRequest.m */; };
/* End PBXBuildFile section */

/* Begin PBXContainerItemProxy section */
		072FB0661644E3C0001E8EA9 /* PBXContainerItemProxy */ = {
			isa = PBXContainerItemProxy;
			containerPortal = 072FB05F1644E3BF001E8EA9 /* CordovaLib.xcodeproj */;
			proxyType = 2;
			remoteGlobalIDString = 68A32D7114102E1C006B237C;
			remoteInfo = CordovaLib;
		};
		072FB0871644E62C001E8EA9 /* PBXContainerItemProxy */ = {
			isa = PBXContainerItemProxy;
			containerPortal = 072FB05F1644E3BF001E8EA9 /* CordovaLib.xcodeproj */;
			proxyType = 1;
			remoteGlobalIDString = D2AAC07D0554694100DB518D;
			remoteInfo = CordovaLib;
		};
/* End PBXContainerItemProxy section */

/* Begin PBXFileReference section */
		0706DDFD14A2A6F90023AE8E /* KICKBAK.app */ = {isa = PBXFileReference; explicitFileType = wrapper.application; includeInIndex = 0; path = KICKBAK.app; sourceTree = BUILT_PRODUCTS_DIR; };
		0706DE0114A2A6F90023AE8E /* Foundation.framework */ = {isa = PBXFileReference; lastKnownFileType = wrapper.framework; name = Foundation.framework; path = System/Library/Frameworks/Foundation.framework; sourceTree = SDKROOT; };
		0706DE0314A2A6F90023AE8E /* UIKit.framework */ = {isa = PBXFileReference; lastKnownFileType = wrapper.framework; name = UIKit.framework; path = System/Library/Frameworks/UIKit.framework; sourceTree = SDKROOT; };
		0706DE0514A2A6F90023AE8E /* CoreGraphics.framework */ = {isa = PBXFileReference; lastKnownFileType = wrapper.framework; name = CoreGraphics.framework; path = System/Library/Frameworks/CoreGraphics.framework; sourceTree = SDKROOT; };
		0706DE0714A2A6F90023AE8E /* AddressBook.framework */ = {isa = PBXFileReference; lastKnownFileType = wrapper.framework; name = AddressBook.framework; path = System/Library/Frameworks/AddressBook.framework; sourceTree = SDKROOT; };
		0706DE0914A2A6F90023AE8E /* AddressBookUI.framework */ = {isa = PBXFileReference; lastKnownFileType = wrapper.framework; name = AddressBookUI.framework; path = System/Library/Frameworks/AddressBookUI.framework; sourceTree = SDKROOT; };
		0706DE0B14A2A6F90023AE8E /* AudioToolbox.framework */ = {isa = PBXFileReference; lastKnownFileType = wrapper.framework; name = AudioToolbox.framework; path = System/Library/Frameworks/AudioToolbox.framework; sourceTree = SDKROOT; };
		0706DE0D14A2A6F90023AE8E /* AVFoundation.framework */ = {isa = PBXFileReference; lastKnownFileType = wrapper.framework; name = AVFoundation.framework; path = System/Library/Frameworks/AVFoundation.framework; sourceTree = SDKROOT; };
		0706DE0F14A2A6F90023AE8E /* CoreLocation.framework */ = {isa = PBXFileReference; lastKnownFileType = wrapper.framework; name = CoreLocation.framework; path = System/Library/Frameworks/CoreLocation.framework; sourceTree = SDKROOT; };
		0706DE1114A2A6F90023AE8E /* MediaPlayer.framework */ = {isa = PBXFileReference; lastKnownFileType = wrapper.framework; name = MediaPlayer.framework; path = System/Library/Frameworks/MediaPlayer.framework; sourceTree = SDKROOT; };
		0706DE1314A2A6F90023AE8E /* QuartzCore.framework */ = {isa = PBXFileReference; lastKnownFileType = wrapper.framework; name = QuartzCore.framework; path = System/Library/Frameworks/QuartzCore.framework; sourceTree = SDKROOT; };
		0706DE1514A2A6F90023AE8E /* SystemConfiguration.framework */ = {isa = PBXFileReference; lastKnownFileType = wrapper.framework; name = SystemConfiguration.framework; path = System/Library/Frameworks/SystemConfiguration.framework; sourceTree = SDKROOT; };
		0706DE1714A2A6F90023AE8E /* MobileCoreServices.framework */ = {isa = PBXFileReference; lastKnownFileType = wrapper.framework; name = MobileCoreServices.framework; path = System/Library/Frameworks/MobileCoreServices.framework; sourceTree = SDKROOT; };
		0706DE1914A2A6F90023AE8E /* CoreMedia.framework */ = {isa = PBXFileReference; lastKnownFileType = wrapper.framework; name = CoreMedia.framework; path = System/Library/Frameworks/CoreMedia.framework; sourceTree = SDKROOT; };
		0706DE1D14A2A6F90023AE8E /* GetKickBak-Info.plist */ = {isa = PBXFileReference; lastKnownFileType = text.plist.xml; path = "GetKickBak-Info.plist"; sourceTree = "<group>"; };
		0706DE2114A2A6F90023AE8E /* main.m */ = {isa = PBXFileReference; lastKnownFileType = sourcecode.c.objc; path = main.m; sourceTree = "<group>"; };
		0706DE2314A2A6F90023AE8E /* GetKickBak-Prefix.pch */ = {isa = PBXFileReference; lastKnownFileType = sourcecode.c.h; path = "GetKickBak-Prefix.pch"; sourceTree = "<group>"; };
		0706DE3714A2A6F90023AE8E /* Default.png */ = {isa = PBXFileReference; lastKnownFileType = image.png; name = Default.png; path = Resources/splash/Default.png; sourceTree = "<group>"; };
		0706DE3914A2A6F90023AE8E /* Default@2x.png */ = {isa = PBXFileReference; lastKnownFileType = image.png; name = "Default@2x.png"; path = "Resources/splash/Default@2x.png"; sourceTree = "<group>"; };
		0706DE3D14A2A6F90023AE8E /* Cordova.plist */ = {isa = PBXFileReference; lastKnownFileType = text.plist.xml; path = Cordova.plist; sourceTree = "<group>"; };
		0706DE4414A2A6F90023AE8E /* README */ = {isa = PBXFileReference; lastKnownFileType = text; name = README; path = Plugins/README; sourceTree = "<group>"; };
		0706DE5614A2A8D10023AE8E /* www */ = {isa = PBXFileReference; lastKnownFileType = folder; path = www; sourceTree = "<group>"; };
		0711C7F01614AC7C002F0AC2 /* HtmlWebViewController.h */ = {isa = PBXFileReference; fileEncoding = 4; lastKnownFileType = sourcecode.c.h; path = HtmlWebViewController.h; sourceTree = "<group>"; };
		0711C7F11614AC7C002F0AC2 /* HtmlWebViewController.m */ = {isa = PBXFileReference; fileEncoding = 4; lastKnownFileType = sourcecode.c.objc; path = HtmlWebViewController.m; sourceTree = "<group>"; };
		0711C7F21614AC7C002F0AC2 /* PushNotificationManager.h */ = {isa = PBXFileReference; fileEncoding = 4; lastKnownFileType = sourcecode.c.h; path = PushNotificationManager.h; sourceTree = "<group>"; };
		0711C7F31614AC7C002F0AC2 /* PushNotificationManager.m */ = {isa = PBXFileReference; fileEncoding = 4; lastKnownFileType = sourcecode.c.objc; path = PushNotificationManager.m; sourceTree = "<group>"; };
		0711C7F41614AC7C002F0AC2 /* PWGetNearestZoneRequest.h */ = {isa = PBXFileReference; fileEncoding = 4; lastKnownFileType = sourcecode.c.h; path = PWGetNearestZoneRequest.h; sourceTree = "<group>"; };
		0711C7F51614AC7C002F0AC2 /* PWGetNearestZoneRequest.m */ = {isa = PBXFileReference; fileEncoding = 4; lastKnownFileType = sourcecode.c.objc; path = PWGetNearestZoneRequest.m; sourceTree = "<group>"; };
		0711C7F61614AC7C002F0AC2 /* PWPushStatRequest.h */ = {isa = PBXFileReference; fileEncoding = 4; lastKnownFileType = sourcecode.c.h; path = PWPushStatRequest.h; sourceTree = "<group>"; };
		0711C7F71614AC7C002F0AC2 /* PWPushStatRequest.m */ = {isa = PBXFileReference; fileEncoding = 4; lastKnownFileType = sourcecode.c.objc; path = PWPushStatRequest.m; sourceTree = "<group>"; };
		0711C7F81614AC7C002F0AC2 /* PWRegisterDeviceRequest.h */ = {isa = PBXFileReference; fileEncoding = 4; lastKnownFileType = sourcecode.c.h; path = PWRegisterDeviceRequest.h; sourceTree = "<group>"; };
		0711C7F91614AC7C002F0AC2 /* PWRegisterDeviceRequest.m */ = {isa = PBXFileReference; fileEncoding = 4; lastKnownFileType = sourcecode.c.objc; path = PWRegisterDeviceRequest.m; sourceTree = "<group>"; };
		0711C7FA1614AC7C002F0AC2 /* PWRequest.h */ = {isa = PBXFileReference; fileEncoding = 4; lastKnownFileType = sourcecode.c.h; path = PWRequest.h; sourceTree = "<group>"; };
		0711C7FB1614AC7C002F0AC2 /* PWRequest.m */ = {isa = PBXFileReference; fileEncoding = 4; lastKnownFileType = sourcecode.c.objc; path = PWRequest.m; sourceTree = "<group>"; };
		0711C7FC1614AC7C002F0AC2 /* PWRequestManager.h */ = {isa = PBXFileReference; fileEncoding = 4; lastKnownFileType = sourcecode.c.h; path = PWRequestManager.h; sourceTree = "<group>"; };
		0711C7FD1614AC7C002F0AC2 /* PWRequestManager.m */ = {isa = PBXFileReference; fileEncoding = 4; lastKnownFileType = sourcecode.c.objc; path = PWRequestManager.m; sourceTree = "<group>"; };
		0711C7FE1614AC7C002F0AC2 /* PWSetTagsRequest.h */ = {isa = PBXFileReference; fileEncoding = 4; lastKnownFileType = sourcecode.c.h; path = PWSetTagsRequest.h; sourceTree = "<group>"; };
		0711C7FF1614AC7C002F0AC2 /* PWSetTagsRequest.m */ = {isa = PBXFileReference; fileEncoding = 4; lastKnownFileType = sourcecode.c.objc; path = PWSetTagsRequest.m; sourceTree = "<group>"; };
		0711C8001614AC7C002F0AC2 /* README */ = {isa = PBXFileReference; fileEncoding = 4; lastKnownFileType = text; path = README; sourceTree = "<group>"; };
		0711C80B1614D525002F0AC2 /* debug */ = {isa = PBXFileReference; fileEncoding = 4; lastKnownFileType = text.script.sh; path = debug; sourceTree = "<group>"; };
		0711C80C1614D525002F0AC2 /* emulate */ = {isa = PBXFileReference; fileEncoding = 4; lastKnownFileType = text.script.sh; path = emulate; sourceTree = "<group>"; };
		0711C80D1614D525002F0AC2 /* log */ = {isa = PBXFileReference; fileEncoding = 4; lastKnownFileType = text.script.sh; path = log; sourceTree = "<group>"; };
		0711C8591614E997002F0AC2 /* CordovaBuildSettings.xcconfig */ = {isa = PBXFileReference; fileEncoding = 4; lastKnownFileType = text.xcconfig; path = CordovaBuildSettings.xcconfig; sourceTree = "<group>"; };
		0715FE551607ED4600A6501C /* libsqlite3.0.dylib */ = {isa = PBXFileReference; lastKnownFileType = "compiled.mach-o.dylib"; name = libsqlite3.0.dylib; path = usr/lib/libsqlite3.0.dylib; sourceTree = SDKROOT; };
		072FAF7D163B14F6001E8EA9 /* Default-568h@2x.png */ = {isa = PBXFileReference; lastKnownFileType = image.png; path = "Default-568h@2x.png"; sourceTree = "<group>"; };
		072FB05F1644E3BF001E8EA9 /* CordovaLib.xcodeproj */ = {isa = PBXFileReference; lastKnownFileType = "wrapper.pb-project"; name = CordovaLib.xcodeproj; path = CordovaLib/CordovaLib.xcodeproj; sourceTree = "<group>"; };
		0736AF0115801F73008C0D98 /* CoreVideo.framework */ = {isa = PBXFileReference; lastKnownFileType = wrapper.framework; name = CoreVideo.framework; path = System/Library/Frameworks/CoreVideo.framework; sourceTree = SDKROOT; };
		0736AF0315801F8D008C0D98 /* AssetsLibrary.framework */ = {isa = PBXFileReference; lastKnownFileType = wrapper.framework; name = AssetsLibrary.framework; path = System/Library/Frameworks/AssetsLibrary.framework; sourceTree = SDKROOT; };
		0736AF0515801FCB008C0D98 /* libiconv.dylib */ = {isa = PBXFileReference; lastKnownFileType = "compiled.mach-o.dylib"; name = libiconv.dylib; path = usr/lib/libiconv.dylib; sourceTree = SDKROOT; };
		0739AF63158DCAB600FA5050 /* Capture.bundle */ = {isa = PBXFileReference; lastKnownFileType = "wrapper.plug-in"; path = Capture.bundle; sourceTree = "<group>"; };
		073B1E74156D96E1000FB928 /* NSDataAdditions.h */ = {isa = PBXFileReference; fileEncoding = 4; lastKnownFileType = sourcecode.c.h; path = NSDataAdditions.h; sourceTree = "<group>"; };
		073B1E75156D96E1000FB928 /* NSDataAdditions.m */ = {isa = PBXFileReference; fileEncoding = 4; lastKnownFileType = sourcecode.c.objc; path = NSDataAdditions.m; sourceTree = "<group>"; };
		07646DAA14AC3C840098B6D2 /* Default.png */ = {isa = PBXFileReference; lastKnownFileType = image.png; path = Default.png; sourceTree = "<group>"; };
		07646DAD14AC3C9A0098B6D2 /* Default@2x.png */ = {isa = PBXFileReference; lastKnownFileType = image.png; path = "Default@2x.png"; sourceTree = "<group>"; };
		076ACD1A16459C5B00270053 /* Default-568h@2x.png */ = {isa = PBXFileReference; lastKnownFileType = image.png; name = "Default-568h@2x.png"; path = "Resources/splash/Default-568h@2x.png"; sourceTree = "<group>"; };
		077DECD316333BAF00FDF078 /* FacebookSDK.framework */ = {isa = PBXFileReference; lastKnownFileType = wrapper.framework; name = FacebookSDK.framework; path = ../../FacebookSDK/FacebookSDK.framework; sourceTree = "<group>"; };
		077DECD716333C6200FDF078 /* FacebookSDKResources.bundle */ = {isa = PBXFileReference; lastKnownFileType = "wrapper.plug-in"; name = FacebookSDKResources.bundle; path = ../../FacebookSDK/FacebookSDK.framework/Versions/A/Resources/FacebookSDKResources.bundle; sourceTree = "<group>"; };
		077DECDA16333CBC00FDF078 /* Facebook.h */ = {isa = PBXFileReference; fileEncoding = 4; lastKnownFileType = sourcecode.c.h; path = Facebook.h; sourceTree = "<group>"; };
		077DECDB16333CBC00FDF078 /* FacebookSDK.h */ = {isa = PBXFileReference; fileEncoding = 4; lastKnownFileType = sourcecode.c.h; path = FacebookSDK.h; sourceTree = "<group>"; };
		077DECDC16333CBC00FDF078 /* FBCacheDescriptor.h */ = {isa = PBXFileReference; fileEncoding = 4; lastKnownFileType = sourcecode.c.h; path = FBCacheDescriptor.h; sourceTree = "<group>"; };
		077DECDD16333CBC00FDF078 /* FBConnect.h */ = {isa = PBXFileReference; fileEncoding = 4; lastKnownFileType = sourcecode.c.h; path = FBConnect.h; sourceTree = "<group>"; };
		077DECDE16333CBC00FDF078 /* FBDialog.h */ = {isa = PBXFileReference; fileEncoding = 4; lastKnownFileType = sourcecode.c.h; path = FBDialog.h; sourceTree = "<group>"; };
		077DECDF16333CBC00FDF078 /* FBError.h */ = {isa = PBXFileReference; fileEncoding = 4; lastKnownFileType = sourcecode.c.h; path = FBError.h; sourceTree = "<group>"; };
		077DECE016333CBC00FDF078 /* FBFrictionlessRequestSettings.h */ = {isa = PBXFileReference; fileEncoding = 4; lastKnownFileType = sourcecode.c.h; path = FBFrictionlessRequestSettings.h; sourceTree = "<group>"; };
		077DECE116333CBC00FDF078 /* FBFriendPickerViewController.h */ = {isa = PBXFileReference; fileEncoding = 4; lastKnownFileType = sourcecode.c.h; path = FBFriendPickerViewController.h; sourceTree = "<group>"; };
		077DECE216333CBC00FDF078 /* FBGraphLocation.h */ = {isa = PBXFileReference; fileEncoding = 4; lastKnownFileType = sourcecode.c.h; path = FBGraphLocation.h; sourceTree = "<group>"; };
		077DECE316333CBC00FDF078 /* FBGraphObject.h */ = {isa = PBXFileReference; fileEncoding = 4; lastKnownFileType = sourcecode.c.h; path = FBGraphObject.h; sourceTree = "<group>"; };
		077DECE416333CBC00FDF078 /* FBGraphPlace.h */ = {isa = PBXFileReference; fileEncoding = 4; lastKnownFileType = sourcecode.c.h; path = FBGraphPlace.h; sourceTree = "<group>"; };
		077DECE516333CBC00FDF078 /* FBGraphUser.h */ = {isa = PBXFileReference; fileEncoding = 4; lastKnownFileType = sourcecode.c.h; path = FBGraphUser.h; sourceTree = "<group>"; };
		077DECE616333CBC00FDF078 /* FBLoginDialog.h */ = {isa = PBXFileReference; fileEncoding = 4; lastKnownFileType = sourcecode.c.h; path = FBLoginDialog.h; sourceTree = "<group>"; };
		077DECE716333CBC00FDF078 /* FBLoginView.h */ = {isa = PBXFileReference; fileEncoding = 4; lastKnownFileType = sourcecode.c.h; path = FBLoginView.h; sourceTree = "<group>"; };
		077DECE816333CBC00FDF078 /* FBNativeDialogs.h */ = {isa = PBXFileReference; fileEncoding = 4; lastKnownFileType = sourcecode.c.h; path = FBNativeDialogs.h; sourceTree = "<group>"; };
		077DECE916333CBC00FDF078 /* FBOpenGraphAction.h */ = {isa = PBXFileReference; fileEncoding = 4; lastKnownFileType = sourcecode.c.h; path = FBOpenGraphAction.h; sourceTree = "<group>"; };
		077DECEA16333CBC00FDF078 /* FBPlacePickerViewController.h */ = {isa = PBXFileReference; fileEncoding = 4; lastKnownFileType = sourcecode.c.h; path = FBPlacePickerViewController.h; sourceTree = "<group>"; };
		077DECEB16333CBC00FDF078 /* FBProfilePictureView.h */ = {isa = PBXFileReference; fileEncoding = 4; lastKnownFileType = sourcecode.c.h; path = FBProfilePictureView.h; sourceTree = "<group>"; };
		077DECEC16333CBC00FDF078 /* FBRequest.h */ = {isa = PBXFileReference; fileEncoding = 4; lastKnownFileType = sourcecode.c.h; path = FBRequest.h; sourceTree = "<group>"; };
		077DECED16333CBC00FDF078 /* FBRequestConnection.h */ = {isa = PBXFileReference; fileEncoding = 4; lastKnownFileType = sourcecode.c.h; path = FBRequestConnection.h; sourceTree = "<group>"; };
		077DECEE16333CBC00FDF078 /* FBSBJSON.h */ = {isa = PBXFileReference; fileEncoding = 4; lastKnownFileType = sourcecode.c.h; path = FBSBJSON.h; sourceTree = "<group>"; };
		077DECEF16333CBC00FDF078 /* FBSBJsonBase.h */ = {isa = PBXFileReference; fileEncoding = 4; lastKnownFileType = sourcecode.c.h; path = FBSBJsonBase.h; sourceTree = "<group>"; };
		077DECF016333CBC00FDF078 /* FBSBJsonParser.h */ = {isa = PBXFileReference; fileEncoding = 4; lastKnownFileType = sourcecode.c.h; path = FBSBJsonParser.h; sourceTree = "<group>"; };
		077DECF116333CBC00FDF078 /* FBSBJsonWriter.h */ = {isa = PBXFileReference; fileEncoding = 4; lastKnownFileType = sourcecode.c.h; path = FBSBJsonWriter.h; sourceTree = "<group>"; };
		077DECF216333CBC00FDF078 /* FBSession.h */ = {isa = PBXFileReference; fileEncoding = 4; lastKnownFileType = sourcecode.c.h; path = FBSession.h; sourceTree = "<group>"; };
		077DECF316333CBC00FDF078 /* FBSessionManualTokenCachingStrategy.h */ = {isa = PBXFileReference; fileEncoding = 4; lastKnownFileType = sourcecode.c.h; path = FBSessionManualTokenCachingStrategy.h; sourceTree = "<group>"; };
		077DECF416333CBC00FDF078 /* FBSessionTokenCachingStrategy.h */ = {isa = PBXFileReference; fileEncoding = 4; lastKnownFileType = sourcecode.c.h; path = FBSessionTokenCachingStrategy.h; sourceTree = "<group>"; };
		077DECF516333CBC00FDF078 /* FBSettings.h */ = {isa = PBXFileReference; fileEncoding = 4; lastKnownFileType = sourcecode.c.h; path = FBSettings.h; sourceTree = "<group>"; };
		077DECF616333CBC00FDF078 /* FBTestSession.h */ = {isa = PBXFileReference; fileEncoding = 4; lastKnownFileType = sourcecode.c.h; path = FBTestSession.h; sourceTree = "<group>"; };
		077DECF716333CBC00FDF078 /* FBUserSettingsViewController.h */ = {isa = PBXFileReference; fileEncoding = 4; lastKnownFileType = sourcecode.c.h; path = FBUserSettingsViewController.h; sourceTree = "<group>"; };
		077DECF816333CBC00FDF078 /* FBViewController.h */ = {isa = PBXFileReference; fileEncoding = 4; lastKnownFileType = sourcecode.c.h; path = FBViewController.h; sourceTree = "<group>"; };
		077DECF916333D9C00FDF078 /* Social.framework */ = {isa = PBXFileReference; lastKnownFileType = wrapper.framework; name = Social.framework; path = System/Library/Frameworks/Social.framework; sourceTree = SDKROOT; };
		077DECFB16333DAB00FDF078 /* Accounts.framework */ = {isa = PBXFileReference; lastKnownFileType = wrapper.framework; name = Accounts.framework; path = System/Library/Frameworks/Accounts.framework; sourceTree = SDKROOT; };
		077DECFD16333DB000FDF078 /* AdSupport.framework */ = {isa = PBXFileReference; lastKnownFileType = wrapper.framework; name = AdSupport.framework; path = System/Library/Frameworks/AdSupport.framework; sourceTree = SDKROOT; };
		0799AFCC156C454700C43BC4 /* MessageUI.framework */ = {isa = PBXFileReference; lastKnownFileType = wrapper.framework; name = MessageUI.framework; path = System/Library/Frameworks/MessageUI.framework; sourceTree = SDKROOT; };
		079CA207159F8F930026A58E /* PushNotification.h */ = {isa = PBXFileReference; fileEncoding = 4; lastKnownFileType = sourcecode.c.h; path = PushNotification.h; sourceTree = "<group>"; };
		079CA208159F8F930026A58E /* PushNotification.m */ = {isa = PBXFileReference; fileEncoding = 4; lastKnownFileType = sourcecode.c.objc; path = PushNotification.m; sourceTree = "<group>"; };
		079CA21D159F94960026A58E /* barcodescanner.js */ = {isa = PBXFileReference; fileEncoding = 4; lastKnownFileType = sourcecode.javascript; path = barcodescanner.js; sourceTree = "<group>"; };
		079CA21F159F94960026A58E /* .gitignore */ = {isa = PBXFileReference; fileEncoding = 4; lastKnownFileType = text; path = .gitignore; sourceTree = "<group>"; };
		079CA220159F94960026A58E /* Makefile */ = {isa = PBXFileReference; fileEncoding = 4; lastKnownFileType = sourcecode.make; path = Makefile; sourceTree = "<group>"; };
		079CA221159F94960026A58E /* onefile-zxing.py */ = {isa = PBXFileReference; fileEncoding = 4; lastKnownFileType = text.script.python; path = "onefile-zxing.py"; sourceTree = "<group>"; };
		079CA222159F94960026A58E /* CDVBarcodeScanner.mm */ = {isa = PBXFileReference; fileEncoding = 4; lastKnownFileType = sourcecode.cpp.objcpp; path = CDVBarcodeScanner.mm; sourceTree = "<group>"; };
		079CA223159F94960026A58E /* README.md */ = {isa = PBXFileReference; fileEncoding = 4; lastKnownFileType = text; path = README.md; sourceTree = "<group>"; };
		079CA224159F94960026A58E /* scannerOverlay.xib */ = {isa = PBXFileReference; fileEncoding = 4; lastKnownFileType = file.xib; path = scannerOverlay.xib; sourceTree = "<group>"; };
		079CA225159F94960026A58E /* zxing-all-in-one.cpp */ = {isa = PBXFileReference; fileEncoding = 4; lastKnownFileType = sourcecode.cpp.cpp; path = "zxing-all-in-one.cpp"; sourceTree = "<group>"; };
		079CA226159F94960026A58E /* zxing-all-in-one.h */ = {isa = PBXFileReference; fileEncoding = 4; lastKnownFileType = sourcecode.c.h; path = "zxing-all-in-one.h"; sourceTree = "<group>"; };
		079CA228159F94960026A58E /* EmailComposer.h */ = {isa = PBXFileReference; fileEncoding = 4; lastKnownFileType = sourcecode.c.h; path = EmailComposer.h; sourceTree = "<group>"; };
		079CA229159F94960026A58E /* EmailComposer.js */ = {isa = PBXFileReference; fileEncoding = 4; lastKnownFileType = sourcecode.javascript; path = EmailComposer.js; sourceTree = "<group>"; };
		079CA22A159F94960026A58E /* EmailComposer.m */ = {isa = PBXFileReference; fileEncoding = 4; lastKnownFileType = sourcecode.c.objc; path = EmailComposer.m; sourceTree = "<group>"; };
		079CA22B159F94960026A58E /* index.html */ = {isa = PBXFileReference; fileEncoding = 4; lastKnownFileType = text.html; path = index.html; sourceTree = "<group>"; };
		079CA22C159F94960026A58E /* readme.md */ = {isa = PBXFileReference; fileEncoding = 4; lastKnownFileType = text; path = readme.md; sourceTree = "<group>"; };
		079CA22E159F94960026A58E /* FacebookConnectPlugin.h */ = {isa = PBXFileReference; fileEncoding = 4; lastKnownFileType = sourcecode.c.h; path = FacebookConnectPlugin.h; sourceTree = "<group>"; };
		079CA22F159F94960026A58E /* FacebookConnectPlugin.m */ = {isa = PBXFileReference; fileEncoding = 4; lastKnownFileType = sourcecode.c.objc; path = FacebookConnectPlugin.m; sourceTree = "<group>"; };
		079CA232159F94960026A58E /* LowLatencyAudio.h */ = {isa = PBXFileReference; fileEncoding = 4; lastKnownFileType = sourcecode.c.h; path = LowLatencyAudio.h; sourceTree = "<group>"; };
		079CA233159F94960026A58E /* LowLatencyAudio.m */ = {isa = PBXFileReference; fileEncoding = 4; lastKnownFileType = sourcecode.c.objc; path = LowLatencyAudio.m; sourceTree = "<group>"; };
		079CA234159F94960026A58E /* LowLatencyAudioAsset.h */ = {isa = PBXFileReference; fileEncoding = 4; lastKnownFileType = sourcecode.c.h; path = LowLatencyAudioAsset.h; sourceTree = "<group>"; };
		079CA235159F94960026A58E /* LowLatencyAudioAsset.m */ = {isa = PBXFileReference; fileEncoding = 4; lastKnownFileType = sourcecode.c.objc; path = LowLatencyAudioAsset.m; sourceTree = "<group>"; };
		07B69F0815ECBBC1002F781E /* Bluetooth.h */ = {isa = PBXFileReference; fileEncoding = 4; lastKnownFileType = sourcecode.c.h; path = Bluetooth.h; sourceTree = "<group>"; };
		07B69F0915ECBBC1002F781E /* Bluetooth.js */ = {isa = PBXFileReference; fileEncoding = 4; lastKnownFileType = sourcecode.javascript; path = Bluetooth.js; sourceTree = "<group>"; };
		07B69F0A15ECBBC1002F781E /* Bluetooth.m */ = {isa = PBXFileReference; fileEncoding = 4; lastKnownFileType = sourcecode.c.objc; path = Bluetooth.m; sourceTree = "<group>"; };
		07B69F0D15ECBBDB002F781E /* GameKit.framework */ = {isa = PBXFileReference; lastKnownFileType = wrapper.framework; name = GameKit.framework; path = System/Library/Frameworks/GameKit.framework; sourceTree = SDKROOT; };
		07D0AADD150A9355000E07EC /* icon-72.png */ = {isa = PBXFileReference; lastKnownFileType = image.png; path = "icon-72.png"; sourceTree = "<group>"; };
		07D0AADE150A9355000E07EC /* icon.png */ = {isa = PBXFileReference; lastKnownFileType = image.png; path = icon.png; sourceTree = "<group>"; };
		07D0AADF150A9355000E07EC /* icon@2x.png */ = {isa = PBXFileReference; lastKnownFileType = image.png; path = "icon@2x.png"; sourceTree = "<group>"; };
		07D0AAED150A940C000E07EC /* de */ = {isa = PBXFileReference; lastKnownFileType = text.plist.strings; name = de; path = Localizable.strings; sourceTree = "<group>"; };
		07D0AAF0150A940C000E07EC /* en */ = {isa = PBXFileReference; lastKnownFileType = text.plist.strings; name = en; path = Localizable.strings; sourceTree = "<group>"; };
		07D0AAF3150A940C000E07EC /* es */ = {isa = PBXFileReference; lastKnownFileType = text.plist.strings; name = es; path = Localizable.strings; sourceTree = "<group>"; };
		07D0AAF6150A940C000E07EC /* se */ = {isa = PBXFileReference; lastKnownFileType = text.plist.strings; name = se; path = Localizable.strings; sourceTree = "<group>"; };
		07D0AAFB150A9496000E07EC /* AppDelegate.h */ = {isa = PBXFileReference; fileEncoding = 4; lastKnownFileType = sourcecode.c.h; path = AppDelegate.h; sourceTree = "<group>"; };
		07D0AAFC150A9496000E07EC /* AppDelegate.m */ = {isa = PBXFileReference; fileEncoding = 4; lastKnownFileType = sourcecode.c.objc; path = AppDelegate.m; sourceTree = "<group>"; };
		07D0AAFD150A9496000E07EC /* MainViewController.h */ = {isa = PBXFileReference; fileEncoding = 4; lastKnownFileType = sourcecode.c.h; path = MainViewController.h; sourceTree = "<group>"; };
		07D0AAFE150A9497000E07EC /* MainViewController.m */ = {isa = PBXFileReference; fileEncoding = 4; lastKnownFileType = sourcecode.c.objc; path = MainViewController.m; sourceTree = "<group>"; };
		07D0AB01150A94C6000E07EC /* MainViewController.xib */ = {isa = PBXFileReference; fileEncoding = 4; lastKnownFileType = file.xib; path = MainViewController.xib; sourceTree = "<group>"; };
		07D0AB05150A9687000E07EC /* test-Prefix.pch */ = {isa = PBXFileReference; fileEncoding = 4; lastKnownFileType = sourcecode.c.h; path = "test-Prefix.pch"; sourceTree = "<group>"; };
		07D9A98E1580962200AD5447 /* beep.wav */ = {isa = PBXFileReference; lastKnownFileType = audio.wav; name = beep.wav; path = Resources/beep.wav; sourceTree = "<group>"; };
		07DA345E155DA5E3004E655A /* appicon.png */ = {isa = PBXFileReference; lastKnownFileType = image.png; path = appicon.png; sourceTree = "<group>"; };
		07DA351F1561F980004E655A /* appicon3g.png */ = {isa = PBXFileReference; lastKnownFileType = image.png; path = appicon3g.png; sourceTree = "<group>"; };
		07E94F2F1637D54D0094559E /* PWSendBadgeRequest.h */ = {isa = PBXFileReference; fileEncoding = 4; lastKnownFileType = sourcecode.c.h; path = PWSendBadgeRequest.h; sourceTree = "<group>"; };
		07E94F301637D54D0094559E /* PWSendBadgeRequest.m */ = {isa = PBXFileReference; fileEncoding = 4; lastKnownFileType = sourcecode.c.objc; path = PWSendBadgeRequest.m; sourceTree = "<group>"; };
/* End PBXFileReference section */

/* Begin PBXFrameworksBuildPhase section */
		0706DDF714A2A6F90023AE8E /* Frameworks */ = {
			isa = PBXFrameworksBuildPhase;
			buildActionMask = 2147483647;
			files = (
				076ACD181644F27000270053 /* libCordova.a in Frameworks */,
				077DECFE16333DB000FDF078 /* AdSupport.framework in Frameworks */,
				077DECFC16333DAB00FDF078 /* Accounts.framework in Frameworks */,
				077DECFA16333D9C00FDF078 /* Social.framework in Frameworks */,
				077DECD416333BAF00FDF078 /* FacebookSDK.framework in Frameworks */,
				0715FE561607ED4600A6501C /* libsqlite3.0.dylib in Frameworks */,
				07B69F0E15ECBBDB002F781E /* GameKit.framework in Frameworks */,
				0736AF0415801F8D008C0D98 /* AssetsLibrary.framework in Frameworks */,
				0736AF0215801F73008C0D98 /* CoreVideo.framework in Frameworks */,
				0799AFCD156C454700C43BC4 /* MessageUI.framework in Frameworks */,
				0706DE0214A2A6F90023AE8E /* Foundation.framework in Frameworks */,
				0706DE0414A2A6F90023AE8E /* UIKit.framework in Frameworks */,
				0706DE0614A2A6F90023AE8E /* CoreGraphics.framework in Frameworks */,
				0706DE1414A2A6F90023AE8E /* QuartzCore.framework in Frameworks */,
				0706DE0814A2A6F90023AE8E /* AddressBook.framework in Frameworks */,
				0706DE0A14A2A6F90023AE8E /* AddressBookUI.framework in Frameworks */,
				0706DE0C14A2A6F90023AE8E /* AudioToolbox.framework in Frameworks */,
				0706DE0E14A2A6F90023AE8E /* AVFoundation.framework in Frameworks */,
				0706DE1014A2A6F90023AE8E /* CoreLocation.framework in Frameworks */,
				0706DE1214A2A6F90023AE8E /* MediaPlayer.framework in Frameworks */,
				0706DE1614A2A6F90023AE8E /* SystemConfiguration.framework in Frameworks */,
				0706DE1814A2A6F90023AE8E /* MobileCoreServices.framework in Frameworks */,
				0706DE1A14A2A6F90023AE8E /* CoreMedia.framework in Frameworks */,
				0736AF0615801FCB008C0D98 /* libiconv.dylib in Frameworks */,
			);
			runOnlyForDeploymentPostprocessing = 0;
		};
/* End PBXFrameworksBuildPhase section */

/* Begin PBXGroup section */
		0706DDEF14A2A6F90023AE8E = {
			isa = PBXGroup;
			children = (
				072FB05F1644E3BF001E8EA9 /* CordovaLib.xcodeproj */,
				0711C80A1614D525002F0AC2 /* cordova */,
				07DA351F1561F980004E655A /* appicon3g.png */,
				07DA345E155DA5E3004E655A /* appicon.png */,
				072FAF7D163B14F6001E8EA9 /* Default-568h@2x.png */,
				07646DAD14AC3C9A0098B6D2 /* Default@2x.png */,
				07646DAA14AC3C840098B6D2 /* Default.png */,
				0706DE5614A2A8D10023AE8E /* www */,
				0706DE1B14A2A6F90023AE8E /* GetKickBak */,
				0706DE0014A2A6F90023AE8E /* Frameworks */,
				0706DDFE14A2A6F90023AE8E /* Products */,
			);
			sourceTree = "<group>";
		};
		0706DDFE14A2A6F90023AE8E /* Products */ = {
			isa = PBXGroup;
			children = (
				0706DDFD14A2A6F90023AE8E /* KICKBAK.app */,
			);
			name = Products;
			sourceTree = "<group>";
		};
		0706DE0014A2A6F90023AE8E /* Frameworks */ = {
			isa = PBXGroup;
			children = (
				077DECFD16333DB000FDF078 /* AdSupport.framework */,
				077DECFB16333DAB00FDF078 /* Accounts.framework */,
				077DECF916333D9C00FDF078 /* Social.framework */,
				077DECD916333CBC00FDF078 /* DeprecatedHeaders */,
				077DECD716333C6200FDF078 /* FacebookSDKResources.bundle */,
				077DECD316333BAF00FDF078 /* FacebookSDK.framework */,
				0715FE551607ED4600A6501C /* libsqlite3.0.dylib */,
				07B69F0D15ECBBDB002F781E /* GameKit.framework */,
				0736AF0515801FCB008C0D98 /* libiconv.dylib */,
				0736AF0315801F8D008C0D98 /* AssetsLibrary.framework */,
				0736AF0115801F73008C0D98 /* CoreVideo.framework */,
				0799AFCC156C454700C43BC4 /* MessageUI.framework */,
				0706DE0114A2A6F90023AE8E /* Foundation.framework */,
				0706DE0314A2A6F90023AE8E /* UIKit.framework */,
				0706DE0514A2A6F90023AE8E /* CoreGraphics.framework */,
				0706DE0714A2A6F90023AE8E /* AddressBook.framework */,
				0706DE0914A2A6F90023AE8E /* AddressBookUI.framework */,
				0706DE0B14A2A6F90023AE8E /* AudioToolbox.framework */,
				0706DE0D14A2A6F90023AE8E /* AVFoundation.framework */,
				0706DE0F14A2A6F90023AE8E /* CoreLocation.framework */,
				0706DE1114A2A6F90023AE8E /* MediaPlayer.framework */,
				0706DE1314A2A6F90023AE8E /* QuartzCore.framework */,
				0706DE1514A2A6F90023AE8E /* SystemConfiguration.framework */,
				0706DE1714A2A6F90023AE8E /* MobileCoreServices.framework */,
				0706DE1914A2A6F90023AE8E /* CoreMedia.framework */,
			);
			name = Frameworks;
			sourceTree = "<group>";
		};
		0706DE1B14A2A6F90023AE8E /* GetKickBak */ = {
			isa = PBXGroup;
			children = (
				0706DE2614A2A6F90023AE8E /* Resources */,
				0706DE3F14A2A6F90023AE8E /* Classes */,
				0706DE4314A2A6F90023AE8E /* Plugins */,
				0706DE1C14A2A6F90023AE8E /* Supporting Files */,
			);
			path = GetKickBak;
			sourceTree = "<group>";
		};
		0706DE1C14A2A6F90023AE8E /* Supporting Files */ = {
			isa = PBXGroup;
			children = (
				07D0AB05150A9687000E07EC /* test-Prefix.pch */,
				07D0AB01150A94C6000E07EC /* MainViewController.xib */,
				0706DE1D14A2A6F90023AE8E /* GetKickBak-Info.plist */,
				0706DE2114A2A6F90023AE8E /* main.m */,
				0706DE2314A2A6F90023AE8E /* GetKickBak-Prefix.pch */,
				0706DE3D14A2A6F90023AE8E /* Cordova.plist */,
			);
			name = "Supporting Files";
			sourceTree = "<group>";
		};
		0706DE2614A2A6F90023AE8E /* Resources */ = {
			isa = PBXGroup;
			children = (
				07D9A98E1580962200AD5447 /* beep.wav */,
				0711C8591614E997002F0AC2 /* CordovaBuildSettings.xcconfig */,
				0739AF63158DCAB600FA5050 /* Capture.bundle */,
				07D0AAEB150A940C000E07EC /* de.lproj */,
				07D0AAEE150A940C000E07EC /* en.lproj */,
				07D0AAF1150A940C000E07EC /* es.lproj */,
				07D0AAF4150A940C000E07EC /* se.lproj */,
				0706DE2F14A2A6F90023AE8E /* icons */,
				0706DE3614A2A6F90023AE8E /* splash */,
			);
			name = Resources;
			sourceTree = "<group>";
		};
		0706DE2F14A2A6F90023AE8E /* icons */ = {
			isa = PBXGroup;
			children = (
				07D0AADD150A9355000E07EC /* icon-72.png */,
				07D0AADE150A9355000E07EC /* icon.png */,
				07D0AADF150A9355000E07EC /* icon@2x.png */,
			);
			name = icons;
			sourceTree = "<group>";
		};
		0706DE3614A2A6F90023AE8E /* splash */ = {
			isa = PBXGroup;
			children = (
				076ACD1A16459C5B00270053 /* Default-568h@2x.png */,
				0706DE3714A2A6F90023AE8E /* Default.png */,
				0706DE3914A2A6F90023AE8E /* Default@2x.png */,
			);
			name = splash;
			sourceTree = "<group>";
		};
		0706DE3F14A2A6F90023AE8E /* Classes */ = {
			isa = PBXGroup;
			children = (
				073B1E74156D96E1000FB928 /* NSDataAdditions.h */,
				073B1E75156D96E1000FB928 /* NSDataAdditions.m */,
				07D0AAFB150A9496000E07EC /* AppDelegate.h */,
				07D0AAFC150A9496000E07EC /* AppDelegate.m */,
				07D0AAFD150A9496000E07EC /* MainViewController.h */,
				07D0AAFE150A9497000E07EC /* MainViewController.m */,
			);
			name = Classes;
			sourceTree = "<group>";
		};
		0706DE4314A2A6F90023AE8E /* Plugins */ = {
			isa = PBXGroup;
			children = (
				07B69F0715ECBBC1002F781E /* Bluetooth */,
				079CA21C159F94960026A58E /* BarcodeScanner */,
				079CA227159F94960026A58E /* EmailComposer */,
				079CA22D159F94960026A58E /* ios */,
				079CA230159F94960026A58E /* LowLatencyAudio */,
				079CA206159F8F930026A58E /* PushNotification */,
				0706DE4414A2A6F90023AE8E /* README */,
			);
			name = Plugins;
			sourceTree = "<group>";
		};
		0711C80A1614D525002F0AC2 /* cordova */ = {
			isa = PBXGroup;
			children = (
				0711C80B1614D525002F0AC2 /* debug */,
				0711C80C1614D525002F0AC2 /* emulate */,
				0711C80D1614D525002F0AC2 /* log */,
			);
			path = cordova;
			sourceTree = "<group>";
		};
		072FB0601644E3BF001E8EA9 /* Products */ = {
			isa = PBXGroup;
			children = (
				072FB0671644E3C0001E8EA9 /* libCordova.a */,
			);
			name = Products;
			sourceTree = "<group>";
		};
		077DECD916333CBC00FDF078 /* DeprecatedHeaders */ = {
			isa = PBXGroup;
			children = (
				077DECDA16333CBC00FDF078 /* Facebook.h */,
				077DECDB16333CBC00FDF078 /* FacebookSDK.h */,
				077DECDC16333CBC00FDF078 /* FBCacheDescriptor.h */,
				077DECDD16333CBC00FDF078 /* FBConnect.h */,
				077DECDE16333CBC00FDF078 /* FBDialog.h */,
				077DECDF16333CBC00FDF078 /* FBError.h */,
				077DECE016333CBC00FDF078 /* FBFrictionlessRequestSettings.h */,
				077DECE116333CBC00FDF078 /* FBFriendPickerViewController.h */,
				077DECE216333CBC00FDF078 /* FBGraphLocation.h */,
				077DECE316333CBC00FDF078 /* FBGraphObject.h */,
				077DECE416333CBC00FDF078 /* FBGraphPlace.h */,
				077DECE516333CBC00FDF078 /* FBGraphUser.h */,
				077DECE616333CBC00FDF078 /* FBLoginDialog.h */,
				077DECE716333CBC00FDF078 /* FBLoginView.h */,
				077DECE816333CBC00FDF078 /* FBNativeDialogs.h */,
				077DECE916333CBC00FDF078 /* FBOpenGraphAction.h */,
				077DECEA16333CBC00FDF078 /* FBPlacePickerViewController.h */,
				077DECEB16333CBC00FDF078 /* FBProfilePictureView.h */,
				077DECEC16333CBC00FDF078 /* FBRequest.h */,
				077DECED16333CBC00FDF078 /* FBRequestConnection.h */,
				077DECEE16333CBC00FDF078 /* FBSBJSON.h */,
				077DECEF16333CBC00FDF078 /* FBSBJsonBase.h */,
				077DECF016333CBC00FDF078 /* FBSBJsonParser.h */,
				077DECF116333CBC00FDF078 /* FBSBJsonWriter.h */,
				077DECF216333CBC00FDF078 /* FBSession.h */,
				077DECF316333CBC00FDF078 /* FBSessionManualTokenCachingStrategy.h */,
				077DECF416333CBC00FDF078 /* FBSessionTokenCachingStrategy.h */,
				077DECF516333CBC00FDF078 /* FBSettings.h */,
				077DECF616333CBC00FDF078 /* FBTestSession.h */,
				077DECF716333CBC00FDF078 /* FBUserSettingsViewController.h */,
				077DECF816333CBC00FDF078 /* FBViewController.h */,
			);
			name = DeprecatedHeaders;
			path = ../../FacebookSDK/FacebookSDK.framework/Versions/A/DeprecatedHeaders;
			sourceTree = "<group>";
		};
		079CA206159F8F930026A58E /* PushNotification */ = {
			isa = PBXGroup;
			children = (
				07E94F2F1637D54D0094559E /* PWSendBadgeRequest.h */,
				07E94F301637D54D0094559E /* PWSendBadgeRequest.m */,
				0711C7F01614AC7C002F0AC2 /* HtmlWebViewController.h */,
				0711C7F11614AC7C002F0AC2 /* HtmlWebViewController.m */,
				0711C7F21614AC7C002F0AC2 /* PushNotificationManager.h */,
				0711C7F31614AC7C002F0AC2 /* PushNotificationManager.m */,
				0711C7F41614AC7C002F0AC2 /* PWGetNearestZoneRequest.h */,
				0711C7F51614AC7C002F0AC2 /* PWGetNearestZoneRequest.m */,
				0711C7F61614AC7C002F0AC2 /* PWPushStatRequest.h */,
				0711C7F71614AC7C002F0AC2 /* PWPushStatRequest.m */,
				0711C7F81614AC7C002F0AC2 /* PWRegisterDeviceRequest.h */,
				0711C7F91614AC7C002F0AC2 /* PWRegisterDeviceRequest.m */,
				0711C7FA1614AC7C002F0AC2 /* PWRequest.h */,
				0711C7FB1614AC7C002F0AC2 /* PWRequest.m */,
				0711C7FC1614AC7C002F0AC2 /* PWRequestManager.h */,
				0711C7FD1614AC7C002F0AC2 /* PWRequestManager.m */,
				0711C7FE1614AC7C002F0AC2 /* PWSetTagsRequest.h */,
				0711C7FF1614AC7C002F0AC2 /* PWSetTagsRequest.m */,
				0711C8001614AC7C002F0AC2 /* README */,
				079CA207159F8F930026A58E /* PushNotification.h */,
				079CA208159F8F930026A58E /* PushNotification.m */,
			);
			name = PushNotification;
			path = Plugins/PushNotification;
			sourceTree = "<group>";
		};
		079CA21C159F94960026A58E /* BarcodeScanner */ = {
			isa = PBXGroup;
			children = (
				079CA21D159F94960026A58E /* barcodescanner.js */,
				079CA21E159F94960026A58E /* build */,
				079CA222159F94960026A58E /* CDVBarcodeScanner.mm */,
				079CA223159F94960026A58E /* README.md */,
				079CA224159F94960026A58E /* scannerOverlay.xib */,
				079CA225159F94960026A58E /* zxing-all-in-one.cpp */,
				079CA226159F94960026A58E /* zxing-all-in-one.h */,
			);
			name = BarcodeScanner;
			path = Plugins/BarcodeScanner;
			sourceTree = "<group>";
		};
		079CA21E159F94960026A58E /* build */ = {
			isa = PBXGroup;
			children = (
				079CA21F159F94960026A58E /* .gitignore */,
				079CA220159F94960026A58E /* Makefile */,
				079CA221159F94960026A58E /* onefile-zxing.py */,
			);
			path = build;
			sourceTree = "<group>";
		};
		079CA227159F94960026A58E /* EmailComposer */ = {
			isa = PBXGroup;
			children = (
				079CA228159F94960026A58E /* EmailComposer.h */,
				079CA229159F94960026A58E /* EmailComposer.js */,
				079CA22A159F94960026A58E /* EmailComposer.m */,
				079CA22B159F94960026A58E /* index.html */,
				079CA22C159F94960026A58E /* readme.md */,
			);
			name = EmailComposer;
			path = Plugins/EmailComposer;
			sourceTree = "<group>";
		};
		079CA22D159F94960026A58E /* ios */ = {
			isa = PBXGroup;
			children = (
				079CA22E159F94960026A58E /* FacebookConnectPlugin.h */,
				079CA22F159F94960026A58E /* FacebookConnectPlugin.m */,
			);
			name = ios;
			path = Plugins/ios;
			sourceTree = "<group>";
		};
		079CA230159F94960026A58E /* LowLatencyAudio */ = {
			isa = PBXGroup;
			children = (
				079CA231159F94960026A58E /* src */,
			);
			name = LowLatencyAudio;
			path = Plugins/LowLatencyAudio;
			sourceTree = "<group>";
		};
		079CA231159F94960026A58E /* src */ = {
			isa = PBXGroup;
			children = (
				079CA232159F94960026A58E /* LowLatencyAudio.h */,
				079CA233159F94960026A58E /* LowLatencyAudio.m */,
				079CA234159F94960026A58E /* LowLatencyAudioAsset.h */,
				079CA235159F94960026A58E /* LowLatencyAudioAsset.m */,
			);
			path = src;
			sourceTree = "<group>";
		};
		07B69F0715ECBBC1002F781E /* Bluetooth */ = {
			isa = PBXGroup;
			children = (
				07B69F0815ECBBC1002F781E /* Bluetooth.h */,
				07B69F0915ECBBC1002F781E /* Bluetooth.js */,
				07B69F0A15ECBBC1002F781E /* Bluetooth.m */,
			);
			name = Bluetooth;
			path = Plugins/Bluetooth;
			sourceTree = "<group>";
		};
		07D0AAEB150A940C000E07EC /* de.lproj */ = {
			isa = PBXGroup;
			children = (
				07D0AAEC150A940C000E07EC /* Localizable.strings */,
			);
			path = de.lproj;
			sourceTree = "<group>";
		};
		07D0AAEE150A940C000E07EC /* en.lproj */ = {
			isa = PBXGroup;
			children = (
				07D0AAEF150A940C000E07EC /* Localizable.strings */,
			);
			path = en.lproj;
			sourceTree = "<group>";
		};
		07D0AAF1150A940C000E07EC /* es.lproj */ = {
			isa = PBXGroup;
			children = (
				07D0AAF2150A940C000E07EC /* Localizable.strings */,
			);
			path = es.lproj;
			sourceTree = "<group>";
		};
		07D0AAF4150A940C000E07EC /* se.lproj */ = {
			isa = PBXGroup;
			children = (
				07D0AAF5150A940C000E07EC /* Localizable.strings */,
			);
			path = se.lproj;
			sourceTree = "<group>";
		};
/* End PBXGroup section */

/* Begin PBXNativeTarget section */
		0706DDFC14A2A6F90023AE8E /* GetKickBak */ = {
			isa = PBXNativeTarget;
			buildConfigurationList = 0706DE4714A2A6F90023AE8E /* Build configuration list for PBXNativeTarget "GetKickBak" */;
			buildPhases = (
				0706DDFB14A2A6F90023AE8E /* ShellScript */,
				0706DDF814A2A6F90023AE8E /* Resources */,
				0706DDF614A2A6F90023AE8E /* Sources */,
				0706DDF714A2A6F90023AE8E /* Frameworks */,
			);
			buildRules = (
			);
			dependencies = (
				072FB0881644E62C001E8EA9 /* PBXTargetDependency */,
			);
			name = GetKickBak;
			productName = GetKickBak;
			productReference = 0706DDFD14A2A6F90023AE8E /* KICKBAK.app */;
			productType = "com.apple.product-type.application";
		};
/* End PBXNativeTarget section */

/* Begin PBXProject section */
		0706DDF114A2A6F90023AE8E /* Project object */ = {
			isa = PBXProject;
			attributes = {
				LastUpgradeCheck = 0450;
			};
			buildConfigurationList = 0706DDF414A2A6F90023AE8E /* Build configuration list for PBXProject "GetKickBak" */;
			compatibilityVersion = "Xcode 3.2";
			developmentRegion = English;
			hasScannedForEncodings = 0;
			knownRegions = (
				en,
				es,
				de,
				se,
				he,
			);
			mainGroup = 0706DDEF14A2A6F90023AE8E;
			productRefGroup = 0706DDFE14A2A6F90023AE8E /* Products */;
			projectDirPath = "";
			projectReferences = (
				{
					ProductGroup = 072FB0601644E3BF001E8EA9 /* Products */;
					ProjectRef = 072FB05F1644E3BF001E8EA9 /* CordovaLib.xcodeproj */;
				},
			);
			projectRoot = "";
			targets = (
				0706DDFC14A2A6F90023AE8E /* GetKickBak */,
			);
		};
/* End PBXProject section */

/* Begin PBXReferenceProxy section */
		072FB0671644E3C0001E8EA9 /* libCordova.a */ = {
			isa = PBXReferenceProxy;
			fileType = archive.ar;
			path = libCordova.a;
			remoteRef = 072FB0661644E3C0001E8EA9 /* PBXContainerItemProxy */;
			sourceTree = BUILT_PRODUCTS_DIR;
		};
/* End PBXReferenceProxy section */

/* Begin PBXResourcesBuildPhase section */
		0706DDF814A2A6F90023AE8E /* Resources */ = {
			isa = PBXResourcesBuildPhase;
			buildActionMask = 2147483647;
			files = (
				0706DE3814A2A6F90023AE8E /* Default.png in Resources */,
				0706DE3A14A2A6F90023AE8E /* Default@2x.png in Resources */,
				0706DE3E14A2A6F90023AE8E /* Cordova.plist in Resources */,
				0706DE5714A2A8D10023AE8E /* www in Resources */,
				07646DAB14AC3C840098B6D2 /* Default.png in Resources */,
				07646DAE14AC3C9A0098B6D2 /* Default@2x.png in Resources */,
				07D0AAE0150A9355000E07EC /* icon-72.png in Resources */,
				07D0AAE1150A9355000E07EC /* icon.png in Resources */,
				07D0AAE2150A9355000E07EC /* icon@2x.png in Resources */,
				07D0AAF8150A940C000E07EC /* Localizable.strings in Resources */,
				07D0AB02150A94C6000E07EC /* MainViewController.xib in Resources */,
				07DA345F155DA5E3004E655A /* appicon.png in Resources */,
				07DA35201561F980004E655A /* appicon3g.png in Resources */,
				07D9A98F1580962200AD5447 /* beep.wav in Resources */,
				0739AF64158DCAB600FA5050 /* Capture.bundle in Resources */,
				079CA237159F94960026A58E /* .gitignore in Resources */,
				079CA239159F94960026A58E /* onefile-zxing.py in Resources */,
				079CA23B159F94960026A58E /* README.md in Resources */,
				079CA23C159F94960026A58E /* scannerOverlay.xib in Resources */,
				079CA240159F94960026A58E /* index.html in Resources */,
				079CA241159F94960026A58E /* readme.md in Resources */,
				0711C8091614AC7C002F0AC2 /* README in Resources */,
				0711C80E1614D525002F0AC2 /* debug in Resources */,
				0711C80F1614D525002F0AC2 /* emulate in Resources */,
				0711C8101614D525002F0AC2 /* log in Resources */,
				077DECD816333C6200FDF078 /* FacebookSDKResources.bundle in Resources */,
				072FAF7E163B14F6001E8EA9 /* Default-568h@2x.png in Resources */,
				076ACD1B16459C5B00270053 /* Default-568h@2x.png in Resources */,
			);
			runOnlyForDeploymentPostprocessing = 0;
		};
/* End PBXResourcesBuildPhase section */

/* Begin PBXShellScriptBuildPhase section */
		0706DDFB14A2A6F90023AE8E /* ShellScript */ = {
			isa = PBXShellScriptBuildPhase;
			buildActionMask = 2147483647;
			files = (
			);
			inputPaths = (
			);
			outputPaths = (
			);
			runOnlyForDeploymentPostprocessing = 0;
			shellPath = /bin/bash;
			shellScript = "#appPath=\"/Users/eric/Documents/Aptana Studio 3 Workspace/GetKickBak/public/javascripts/mobile\";\nappPath=\"/Users/eric/Documents/GetKickBak/master/master/public/javascripts/mobile\";\n\nlibPath=\"lib/sencha-touch-2.1.0-commercial\";\n\ntouch -cm ${PROJECT_DIR}/www\nmkdir -p $PROJECT_DIR/www/app/store\nmkdir -p $PROJECT_DIR/www/app/profile\nmkdir -p $PROJECT_DIR/www/resources/themes/images/v1\n\nrsync -pvtrlL --delete --cvs-exclude \"$appPath\"/app/store/*Client*.json $PROJECT_DIR/www/app/store/\nrsync -pvtrlL --delete --cvs-exclude \"$appPath\"/app/profile/Iphone.js $PROJECT_DIR/www/app/profile/\n\nrsync -pvtrlL --delete --cvs-exclude \"$appPath\"/*.wav $PROJECT_DIR/www/\nrsync -pvtrlL --delete --cvs-exclude \"$appPath\"/*.htm $PROJECT_DIR/www/\nrsync -pvtrlL --delete --cvs-exclude \"$appPath\"/client-all.js $PROJECT_DIR/www/\nrsync -pvtrlL --delete --cvs-exclude \"$appPath\"/core.js $PROJECT_DIR/www/\nrsync -pvtrlL --delete --cvs-exclude \"$appPath\"/index.html $PROJECT_DIR/www/\nrsync -pvtrlL --delete --cvs-exclude \"$appPath\"/lib/*.ios.js $PROJECT_DIR/www/lib/\nrsync -pvtrlL --delete --cvs-exclude \"$appPath\"/lib/*min.js $PROJECT_DIR/www/lib/\nrsync -pvtrlL --delete --cvs-exclude \"$appPath\"/lib/core/*.ios.js $PROJECT_DIR/www/lib/core/\nrsync -pvtrlL --delete --cvs-exclude \"$appPath\"/lib/core/*facebook*.js $PROJECT_DIR/www/lib/core/\nrsync -pvtrlL --delete --cvs-exclude \"$appPath\"/lib/core/*fb-connect*.js $PROJECT_DIR/www/lib/core/\nrsync -pvtrlL --delete --cvs-exclude \"$appPath\"/$libPath/sencha-touch-all.js $PROJECT_DIR/www/lib/\n#rsync -pvtrlL --delete --cvs-exclude \"$appPath\"/$libPath/src $PROJECT_DIR/www/$libPath\n\nrsync -pvtrlL --delete --cvs-exclude \"$appPath\"/resources/css/i*.css $PROJECT_DIR/www/resources/css/\nrsync -pvtrlL --delete --cvs-exclude \"$appPath\"/resources/audio/*.mp3 $PROJECT_DIR/www/resources/audio/\nrsync -pvtrlL --delete --cvs-exclude \"$appPath\"/resources/audio/*.wav $PROJECT_DIR/www/resources/audio/\nrsync -pvtrlL --delete --cvs-exclude \"$appPath\"/resources/themes/images/v1/ios $PROJECT_DIR/www/resources/themes/images/v1\nrsync -pvtrlL --delete --cvs-exclude \"$appPath\"/resources/themes/images/v1/iphone5 $PROJECT_DIR/www/resources/themes/images/v1\n\n#--\n#rsync -pvtrlL --delete --cvs-exclude \"$appPath\"/$libPath/src/device $PROJECT_DIR/www/$libPath/src\n#rsync -pvtrlL --delete --cvs-exclude \"$appPath\"/$libPath/examples/kitchensink $PROJECT_DIR/www/$libPath/examples\n#rsync -pvtrlL --delete --cvs-exclude \"$appPath\"/$libPath/examples/resources $PROJECT_DIR/www/$libPath/examples\n#rsync -pvtrlL --delete --cvs-exclude \"$appPath\"/$libPath/examples/video $PROJECT_DIR/www/$libPath/examples\n#rsync -pvtrlL --delete --cvs-exclude \"$appPath\"/$libPath/examples/audio $PROJECT_DIR/www/$libPath/examples\n#---\n\nif [ ! -d \"$PROJECT_DIR/www\" ] ; then\ncp -R /Users/Shared/Cordova/Frameworks/PhoneGap.framework/www \"$PROJECT_DIR\"\nfi\n# detect www folder reference in project, if missing, print warning\ngrep \"{isa = PBXFileReference; lastKnownFileType = folder; path = www; sourceTree = \\\"<group>\\\"; };\" \"$PROJECT_DIR/$PROJECT_NAME.xcodeproj/project.pbxproj\"\nrc=$? \nif [ $rc != 0 ] ; then\necho -e \"warning: Missing - Add $PROJECT_DIR/www as a folder reference in your project. Just drag and drop the folder into your project, into the Project Navigator of Xcode 4. Make sure you select the second radio-button: 'Create folder references for any added folders' (which will create a blue folder)\" 1>&2\nfi\n";
		};
/* End PBXShellScriptBuildPhase section */

/* Begin PBXSourcesBuildPhase section */
		0706DDF614A2A6F90023AE8E /* Sources */ = {
			isa = PBXSourcesBuildPhase;
			buildActionMask = 2147483647;
			files = (
				0706DE2214A2A6F90023AE8E /* main.m in Sources */,
				07D0AAFF150A9497000E07EC /* AppDelegate.m in Sources */,
				07D0AB00150A9497000E07EC /* MainViewController.m in Sources */,
				073B1E76156D96E1000FB928 /* NSDataAdditions.m in Sources */,
				079CA209159F8F930026A58E /* PushNotification.m in Sources */,
				079CA236159F94960026A58E /* barcodescanner.js in Sources */,
				079CA238159F94960026A58E /* Makefile in Sources */,
				079CA23A159F94960026A58E /* CDVBarcodeScanner.mm in Sources */,
				079CA23D159F94960026A58E /* zxing-all-in-one.cpp in Sources */,
				079CA23E159F94960026A58E /* EmailComposer.js in Sources */,
				079CA23F159F94960026A58E /* EmailComposer.m in Sources */,
				079CA242159F94960026A58E /* FacebookConnectPlugin.m in Sources */,
				079CA243159F94960026A58E /* LowLatencyAudio.m in Sources */,
				079CA244159F94960026A58E /* LowLatencyAudioAsset.m in Sources */,
				07B69F0B15ECBBC1002F781E /* Bluetooth.js in Sources */,
				07B69F0C15ECBBC1002F781E /* Bluetooth.m in Sources */,
				0711C8011614AC7C002F0AC2 /* HtmlWebViewController.m in Sources */,
				0711C8021614AC7C002F0AC2 /* PushNotificationManager.m in Sources */,
				0711C8031614AC7C002F0AC2 /* PWGetNearestZoneRequest.m in Sources */,
				0711C8041614AC7C002F0AC2 /* PWPushStatRequest.m in Sources */,
				0711C8051614AC7C002F0AC2 /* PWRegisterDeviceRequest.m in Sources */,
				0711C8061614AC7C002F0AC2 /* PWRequest.m in Sources */,
				0711C8071614AC7C002F0AC2 /* PWRequestManager.m in Sources */,
				0711C8081614AC7C002F0AC2 /* PWSetTagsRequest.m in Sources */,
				07E94F311637D54D0094559E /* PWSendBadgeRequest.m in Sources */,
			);
			runOnlyForDeploymentPostprocessing = 0;
		};
/* End PBXSourcesBuildPhase section */

/* Begin PBXTargetDependency section */
		072FB0881644E62C001E8EA9 /* PBXTargetDependency */ = {
			isa = PBXTargetDependency;
			name = CordovaLib;
			targetProxy = 072FB0871644E62C001E8EA9 /* PBXContainerItemProxy */;
		};
/* End PBXTargetDependency section */

/* Begin PBXVariantGroup section */
		07D0AAEC150A940C000E07EC /* Localizable.strings */ = {
			isa = PBXVariantGroup;
			children = (
				07D0AAED150A940C000E07EC /* de */,
			);
			name = Localizable.strings;
			sourceTree = "<group>";
		};
		07D0AAEF150A940C000E07EC /* Localizable.strings */ = {
			isa = PBXVariantGroup;
			children = (
				07D0AAF0150A940C000E07EC /* en */,
			);
			name = Localizable.strings;
			sourceTree = "<group>";
		};
		07D0AAF2150A940C000E07EC /* Localizable.strings */ = {
			isa = PBXVariantGroup;
			children = (
				07D0AAF3150A940C000E07EC /* es */,
			);
			name = Localizable.strings;
			sourceTree = "<group>";
		};
		07D0AAF5150A940C000E07EC /* Localizable.strings */ = {
			isa = PBXVariantGroup;
			children = (
				07D0AAF6150A940C000E07EC /* se */,
			);
			name = Localizable.strings;
			sourceTree = "<group>";
		};
/* End PBXVariantGroup section */

/* Begin XCBuildConfiguration section */
		0706DE4514A2A6F90023AE8E /* Debug */ = {
			isa = XCBuildConfiguration;
			buildSettings = {
				ALWAYS_SEARCH_USER_PATHS = NO;
				ARCHS = (
					"$(ARCHS_STANDARD_32_BIT)",
					arm6,
				);
				CLANG_CXX_LANGUAGE_STANDARD = "compiler-default";
				CLANG_CXX_LIBRARY = "compiler-default";
				CLANG_ENABLE_OBJC_ARC = NO;
				CLANG_WARN_CXX0X_EXTENSIONS = YES;
				CLANG_WARN_OBJCPP_ARC_ABI = NO;
				CODE_SIGN_IDENTITY = "iPhone Developer: Eric Chan (RNZK43S324)";
				"CODE_SIGN_IDENTITY[sdk=iphoneos*]" = "iPhone Developer: Eric Chan (RNZK43S324)";
				COPY_PHASE_STRIP = NO;
				GCC_C_LANGUAGE_STANDARD = c99;
				GCC_DYNAMIC_NO_PIC = NO;
				GCC_OPTIMIZATION_LEVEL = 0;
				GCC_PREPROCESSOR_DEFINITIONS = (
					"DEBUG=1",
					"$(inherited)",
				);
				GCC_SYMBOLS_PRIVATE_EXTERN = NO;
				GCC_VERSION = "";
				GCC_WARN_ABOUT_MISSING_PROTOTYPES = YES;
				GCC_WARN_ABOUT_RETURN_TYPE = YES;
				GCC_WARN_HIDDEN_VIRTUAL_FUNCTIONS = YES;
				GCC_WARN_UNUSED_VARIABLE = YES;
				IPHONEOS_DEPLOYMENT_TARGET = 4.3;
				OTHER_CPLUSPLUSFLAGS = "$(OTHER_CFLAGS)";
				PROVISIONING_PROFILE = "B8224B48-8949-4A57-B8D2-0E90212E880E";
				"PROVISIONING_PROFILE[sdk=iphoneos*]" = "B8224B48-8949-4A57-B8D2-0E90212E880E";
				SDKROOT = iphoneos;
				SKIP_INSTALL = NO;
				VALIDATE_PRODUCT = YES;
				VALID_ARCHS = "armv7 armv7s arm6";
			};
			name = Debug;
		};
		0706DE4614A2A6F90023AE8E /* Release */ = {
			isa = XCBuildConfiguration;
			buildSettings = {
				ALWAYS_SEARCH_USER_PATHS = NO;
				ARCHS = (
					"$(ARCHS_STANDARD_32_BIT)",
					arm6,
				);
				CLANG_CXX_LANGUAGE_STANDARD = "compiler-default";
				CLANG_CXX_LIBRARY = "compiler-default";
				CLANG_ENABLE_OBJC_ARC = NO;
				CLANG_WARN_CXX0X_EXTENSIONS = YES;
				CLANG_WARN_OBJCPP_ARC_ABI = NO;
				CODE_SIGN_IDENTITY = "iPhone Developer: Eric Chan (RNZK43S324)";
				"CODE_SIGN_IDENTITY[sdk=iphoneos*]" = "iPhone Developer: Eric Chan (RNZK43S324)";
				COPY_PHASE_STRIP = YES;
				GCC_C_LANGUAGE_STANDARD = c99;
				GCC_PREPROCESSOR_DEFINITIONS = "-DNS_BLOCK_ASSERTIONS=1";
				GCC_VERSION = "";
				GCC_WARN_ABOUT_MISSING_PROTOTYPES = YES;
				GCC_WARN_ABOUT_RETURN_TYPE = YES;
				GCC_WARN_HIDDEN_VIRTUAL_FUNCTIONS = YES;
				GCC_WARN_UNUSED_VARIABLE = YES;
				IPHONEOS_DEPLOYMENT_TARGET = 4.3;
				OTHER_CFLAGS = "-DNS_BLOCK_ASSERTIONS=1";
				OTHER_CPLUSPLUSFLAGS = (
					"-DNS_BLOCK_ASSERTIONS=1",
					"$(OTHER_CFLAGS)",
				);
				PROVISIONING_PROFILE = "B8224B48-8949-4A57-B8D2-0E90212E880E";
				"PROVISIONING_PROFILE[sdk=iphoneos*]" = "B8224B48-8949-4A57-B8D2-0E90212E880E";
				SDKROOT = iphoneos;
				SKIP_INSTALL = NO;
				VALIDATE_PRODUCT = YES;
				VALID_ARCHS = "armv7 armv7s arm6";
			};
			name = Release;
		};
		0706DE4814A2A6F90023AE8E /* Debug */ = {
			isa = XCBuildConfiguration;
			buildSettings = {
				ALWAYS_SEARCH_USER_PATHS = YES;
				ARCHS = "$(ARCHS_STANDARD_32_BIT)";
				"ARCHS[sdk=iphoneos*]" = (
					armv7,
					armv6,
				);
				"ARCHS[sdk=iphoneos6.0]" = "$(ARCHS_STANDARD_32_BIT)";
				"ARCHS[sdk=iphonesimulator*]" = i386;
				CLANG_ENABLE_OBJC_ARC = NO;
				CLANG_WARN_OBJCPP_ARC_ABI = NO;
				CODE_SIGN_IDENTITY = "iPhone Developer: Eric Chan (RNZK43S324)";
				"CODE_SIGN_IDENTITY[sdk=iphoneos*]" = "iPhone Developer: Eric Chan (RNZK43S324)";
				COPY_PHASE_STRIP = NO;
				FRAMEWORK_SEARCH_PATHS = (
					"$(inherited)",
					"\"$(SRCROOT)/../../FacebookSDK\"",
				);
				GCC_DYNAMIC_NO_PIC = NO;
				GCC_PRECOMPILE_PREFIX_HEADER = YES;
				GCC_PREFIX_HEADER = "GetKickBak/GetKickBak-Prefix.pch";
				GCC_PREPROCESSOR_DEFINITIONS = "";
				GCC_VERSION = "";
				HEADER_SEARCH_PATHS = (
					"\"$(TARGET_BUILD_DIR)/usr/local/lib/include\"",
					"\"$(OBJROOT)/UninstalledProducts/include\"",
					"\"$(BUILT_PRODUCTS_DIR)\"",
				);
				INFOPLIST_FILE = "GetKickBak/GetKickBak-Info.plist";
				IPHONEOS_DEPLOYMENT_TARGET = 4.3;
				LIBRARY_SEARCH_PATHS = (
					"$(inherited)",
					"\"$(SRCROOT)/../RedLaser SDK Files\"",
					"\"$(SRCROOT)\"",
					"\"$(SRCROOT)/Release-iphoneos\"",
					"\"$(SRCROOT)/Release-iphonesimulator\"",
					"\"$(SRCROOT)/GetKickBak/facebook-ios-sdk\"",
					"\"$(SRCROOT)/GetKickBak/Release-iphoneos\"",
					"\"$(SRCROOT)/GetKickBak/Release-iphonesimulator\"",
					"\"$(SRCROOT)/GetKickBak/Plugins/facebook-ios-sdk\"",
				);
				ONLY_ACTIVE_ARCH = NO;
				OTHER_CPLUSPLUSFLAGS = "$(OTHER_CFLAGS)";
				OTHER_LDFLAGS = (
					"-all_load",
					"-Obj-C",
					"-weak_framework",
					CoreFoundation,
					"-weak_framework",
					UIKit,
					"-weak-lSystem",
					"-weak_framework",
					CoreMedia,
					"-weak_framework",
					AVFoundation,
					"-lsqlite3.0",
				);
				PRODUCT_NAME = KICKBAK;
				PROVISIONING_PROFILE = "B8224B48-8949-4A57-B8D2-0E90212E880E";
				"PROVISIONING_PROFILE[sdk=iphoneos*]" = "B8224B48-8949-4A57-B8D2-0E90212E880E";
				TARGETED_DEVICE_FAMILY = 1;
				USER_HEADER_SEARCH_PATHS = "";
				VALID_ARCHS = "armv7 armv7s armv6 i386";
				WRAPPER_EXTENSION = app;
			};
			name = Debug;
		};
		0706DE4914A2A6F90023AE8E /* Release */ = {
			isa = XCBuildConfiguration;
			buildSettings = {
				ALWAYS_SEARCH_USER_PATHS = YES;
				ARCHS = "$(ARCHS_STANDARD_32_BIT)";
				"ARCHS[sdk=iphoneos*]" = (
					armv7,
					armv6,
				);
				"ARCHS[sdk=iphoneos6.0]" = "$(ARCHS_STANDARD_32_BIT)";
				"ARCHS[sdk=iphonesimulator*]" = i386;
				CLANG_ENABLE_OBJC_ARC = NO;
				CLANG_WARN_OBJCPP_ARC_ABI = NO;
				CODE_SIGN_IDENTITY = "iPhone Distribution: Eric Chan";
				"CODE_SIGN_IDENTITY[sdk=iphoneos*]" = "iPhone Distribution: Eric Chan";
				COPY_PHASE_STRIP = YES;
				DEBUG_INFORMATION_FORMAT = "dwarf-with-dsym";
				FRAMEWORK_SEARCH_PATHS = (
					"$(inherited)",
					"\"$(SRCROOT)/../../FacebookSDK\"",
				);
				GCC_PRECOMPILE_PREFIX_HEADER = YES;
				GCC_PREFIX_HEADER = "GetKickBak/GetKickBak-Prefix.pch";
				GCC_PREPROCESSOR_DEFINITIONS = "";
				GCC_VERSION = "";
				HEADER_SEARCH_PATHS = (
					"\"$(TARGET_BUILD_DIR)/usr/local/lib/include\"",
					"\"$(OBJROOT)/UninstalledProducts/include\"",
					"\"$(BUILT_PRODUCTS_DIR)\"",
				);
				INFOPLIST_FILE = "GetKickBak/GetKickBak-Info.plist";
				IPHONEOS_DEPLOYMENT_TARGET = 4.3;
				LIBRARY_SEARCH_PATHS = (
					"$(inherited)",
					"\"$(SRCROOT)/../RedLaser SDK Files\"",
					"\"$(SRCROOT)\"",
					"\"$(SRCROOT)/Release-iphoneos\"",
					"\"$(SRCROOT)/Release-iphonesimulator\"",
					"\"$(SRCROOT)/GetKickBak/facebook-ios-sdk\"",
					"\"$(SRCROOT)/GetKickBak/Release-iphoneos\"",
					"\"$(SRCROOT)/GetKickBak/Release-iphonesimulator\"",
					"\"$(SRCROOT)/GetKickBak/Plugins/facebook-ios-sdk\"",
				);
				ONLY_ACTIVE_ARCH = NO;
				OTHER_CFLAGS = "-DNS_BLOCK_ASSERTIONS=1";
				OTHER_CPLUSPLUSFLAGS = (
					"-DNS_BLOCK_ASSERTIONS=1",
					"$(OTHER_CFLAGS)",
				);
				OTHER_LDFLAGS = (
					"-all_load",
					"-Obj-C",
					"-weak_framework",
					CoreFoundation,
					"-weak_framework",
					UIKit,
					"-weak-lSystem",
					"-weak_framework",
					CoreMedia,
					"-weak_framework",
					AVFoundation,
					"-lsqlite3.0",
				);
				PRODUCT_NAME = KICKBAK;
				PROVISIONING_PROFILE = "7337549C-CC2A-4B89-B191-49A79DFEE577";
				"PROVISIONING_PROFILE[sdk=iphoneos*]" = "7337549C-CC2A-4B89-B191-49A79DFEE577";
				TARGETED_DEVICE_FAMILY = 1;
				VALIDATE_PRODUCT = YES;
				VALID_ARCHS = "armv7 armv7s armv6 i386";
				WRAPPER_EXTENSION = app;
			};
			name = Release;
		};
/* End XCBuildConfiguration section */

/* Begin XCConfigurationList section */
		0706DDF414A2A6F90023AE8E /* Build configuration list for PBXProject "GetKickBak" */ = {
			isa = XCConfigurationList;
			buildConfigurations = (
				0706DE4514A2A6F90023AE8E /* Debug */,
				0706DE4614A2A6F90023AE8E /* Release */,
			);
			defaultConfigurationIsVisible = 0;
			defaultConfigurationName = Release;
		};
		0706DE4714A2A6F90023AE8E /* Build configuration list for PBXNativeTarget "GetKickBak" */ = {
			isa = XCConfigurationList;
			buildConfigurations = (
				0706DE4814A2A6F90023AE8E /* Debug */,
				0706DE4914A2A6F90023AE8E /* Release */,
			);
			defaultConfigurationIsVisible = 0;
			defaultConfigurationName = Release;
		};
/* End XCConfigurationList section */
	};
	rootObject = 0706DDF114A2A6F90023AE8E /* Project object */;
}
