// !$*UTF8*$!
{
	archiveVersion = 1;
	classes = {
	};
	objectVersion = 46;
	objects = {

/* Begin PBXBuildFile section */
		0706DE0214A2A6F90023AE8E /* Foundation.framework in Frameworks */ = {isa = PBXBuildFile; fileRef = 0706DE0114A2A6F90023AE8E /* Foundation.framework */; };
		0706DE0414A2A6F90023AE8E /* UIKit.framework in Frameworks */ = {isa = PBXBuildFile; fileRef = 0706DE0314A2A6F90023AE8E /* UIKit.framework */; };
		0706DE0614A2A6F90023AE8E /* CoreGraphics.framework in Frameworks */ = {isa = PBXBuildFile; fileRef = 0706DE0514A2A6F90023AE8E /* CoreGraphics.framework */; };
		0706DE0814A2A6F90023AE8E /* AddressBook.framework in Frameworks */ = {isa = PBXBuildFile; fileRef = 0706DE0714A2A6F90023AE8E /* AddressBook.framework */; };
		0706DE0A14A2A6F90023AE8E /* AddressBookUI.framework in Frameworks */ = {isa = PBXBuildFile; fileRef = 0706DE0914A2A6F90023AE8E /* AddressBookUI.framework */; };
		0706DE0C14A2A6F90023AE8E /* AudioToolbox.framework in Frameworks */ = {isa = PBXBuildFile; fileRef = 0706DE0B14A2A6F90023AE8E /* AudioToolbox.framework */; };
		0706DE0E14A2A6F90023AE8E /* AVFoundation.framework in Frameworks */ = {isa = PBXBuildFile; fileRef = 0706DE0D14A2A6F90023AE8E /* AVFoundation.framework */; };
		0706DE1014A2A6F90023AE8E /* CoreLocation.framework in Frameworks */ = {isa = PBXBuildFile; fileRef = 0706DE0F14A2A6F90023AE8E /* CoreLocation.framework */; };
		0706DE1214A2A6F90023AE8E /* MediaPlayer.framework in Frameworks */ = {isa = PBXBuildFile; fileRef = 0706DE1114A2A6F90023AE8E /* MediaPlayer.framework */; };
		0706DE1414A2A6F90023AE8E /* QuartzCore.framework in Frameworks */ = {isa = PBXBuildFile; fileRef = 0706DE1314A2A6F90023AE8E /* QuartzCore.framework */; };
		0706DE1614A2A6F90023AE8E /* SystemConfiguration.framework in Frameworks */ = {isa = PBXBuildFile; fileRef = 0706DE1514A2A6F90023AE8E /* SystemConfiguration.framework */; };
		0706DE1814A2A6F90023AE8E /* MobileCoreServices.framework in Frameworks */ = {isa = PBXBuildFile; fileRef = 0706DE1714A2A6F90023AE8E /* MobileCoreServices.framework */; };
		0706DE1A14A2A6F90023AE8E /* CoreMedia.framework in Frameworks */ = {isa = PBXBuildFile; fileRef = 0706DE1914A2A6F90023AE8E /* CoreMedia.framework */; };
		0706DE2214A2A6F90023AE8E /* main.m in Sources */ = {isa = PBXBuildFile; fileRef = 0706DE2114A2A6F90023AE8E /* main.m */; };
		0706DE3814A2A6F90023AE8E /* Default.png in Resources */ = {isa = PBXBuildFile; fileRef = 0706DE3714A2A6F90023AE8E /* Default.png */; };
		0706DE3A14A2A6F90023AE8E /* Default@2x.png in Resources */ = {isa = PBXBuildFile; fileRef = 0706DE3914A2A6F90023AE8E /* Default@2x.png */; };
		0706DE3E14A2A6F90023AE8E /* Cordova.plist in Resources */ = {isa = PBXBuildFile; fileRef = 0706DE3D14A2A6F90023AE8E /* Cordova.plist */; };
		0706DE5714A2A8D10023AE8E /* www in Resources */ = {isa = PBXBuildFile; fileRef = 0706DE5614A2A8D10023AE8E /* www */; };
		0715FE471607596700A6501C /* Cordova.framework in Frameworks */ = {isa = PBXBuildFile; fileRef = 0715FE461607596700A6501C /* Cordova.framework */; };
		0715FE561607ED4600A6501C /* libsqlite3.0.dylib in Frameworks */ = {isa = PBXBuildFile; fileRef = 0715FE551607ED4600A6501C /* libsqlite3.0.dylib */; };
		0736AF0215801F73008C0D98 /* CoreVideo.framework in Frameworks */ = {isa = PBXBuildFile; fileRef = 0736AF0115801F73008C0D98 /* CoreVideo.framework */; };
		0736AF0415801F8D008C0D98 /* AssetsLibrary.framework in Frameworks */ = {isa = PBXBuildFile; fileRef = 0736AF0315801F8D008C0D98 /* AssetsLibrary.framework */; };
		0736AF0615801FCB008C0D98 /* libiconv.dylib in Frameworks */ = {isa = PBXBuildFile; fileRef = 0736AF0515801FCB008C0D98 /* libiconv.dylib */; };
		0739AF64158DCAB600FA5050 /* Capture.bundle in Resources */ = {isa = PBXBuildFile; fileRef = 0739AF63158DCAB600FA5050 /* Capture.bundle */; };
		073B1E76156D96E1000FB928 /* NSDataAdditions.m in Sources */ = {isa = PBXBuildFile; fileRef = 073B1E75156D96E1000FB928 /* NSDataAdditions.m */; settings = {COMPILER_FLAGS = "-fno-objc-arc"; }; };
		07646DAB14AC3C840098B6D2 /* Default.png in Resources */ = {isa = PBXBuildFile; fileRef = 07646DAA14AC3C840098B6D2 /* Default.png */; };
		07646DAE14AC3C9A0098B6D2 /* Default@2x.png in Resources */ = {isa = PBXBuildFile; fileRef = 07646DAD14AC3C9A0098B6D2 /* Default@2x.png */; };
		0799AFCD156C454700C43BC4 /* MessageUI.framework in Frameworks */ = {isa = PBXBuildFile; fileRef = 0799AFCC156C454700C43BC4 /* MessageUI.framework */; };
		079CA209159F8F930026A58E /* PushNotification.m in Sources */ = {isa = PBXBuildFile; fileRef = 079CA208159F8F930026A58E /* PushNotification.m */; };
		079CA21A159F94590026A58E /* FBDialog.bundle in Resources */ = {isa = PBXBuildFile; fileRef = 079CA20D159F94590026A58E /* FBDialog.bundle */; };
		079CA21B159F94590026A58E /* libfacebook_ios_sdk.a in Frameworks */ = {isa = PBXBuildFile; fileRef = 079CA213159F94590026A58E /* libfacebook_ios_sdk.a */; };
		079CA236159F94960026A58E /* barcodescanner.js in Sources */ = {isa = PBXBuildFile; fileRef = 079CA21D159F94960026A58E /* barcodescanner.js */; };
		079CA237159F94960026A58E /* .gitignore in Resources */ = {isa = PBXBuildFile; fileRef = 079CA21F159F94960026A58E /* .gitignore */; };
		079CA238159F94960026A58E /* Makefile in Sources */ = {isa = PBXBuildFile; fileRef = 079CA220159F94960026A58E /* Makefile */; };
		079CA239159F94960026A58E /* onefile-zxing.py in Resources */ = {isa = PBXBuildFile; fileRef = 079CA221159F94960026A58E /* onefile-zxing.py */; };
		079CA23A159F94960026A58E /* CDVBarcodeScanner.mm in Sources */ = {isa = PBXBuildFile; fileRef = 079CA222159F94960026A58E /* CDVBarcodeScanner.mm */; };
		079CA23B159F94960026A58E /* README.md in Resources */ = {isa = PBXBuildFile; fileRef = 079CA223159F94960026A58E /* README.md */; };
		079CA23C159F94960026A58E /* scannerOverlay.xib in Resources */ = {isa = PBXBuildFile; fileRef = 079CA224159F94960026A58E /* scannerOverlay.xib */; };
		079CA23D159F94960026A58E /* zxing-all-in-one.cpp in Sources */ = {isa = PBXBuildFile; fileRef = 079CA225159F94960026A58E /* zxing-all-in-one.cpp */; };
		079CA23E159F94960026A58E /* EmailComposer.js in Sources */ = {isa = PBXBuildFile; fileRef = 079CA229159F94960026A58E /* EmailComposer.js */; };
		079CA23F159F94960026A58E /* EmailComposer.m in Sources */ = {isa = PBXBuildFile; fileRef = 079CA22A159F94960026A58E /* EmailComposer.m */; };
		079CA240159F94960026A58E /* index.html in Resources */ = {isa = PBXBuildFile; fileRef = 079CA22B159F94960026A58E /* index.html */; };
		079CA241159F94960026A58E /* readme.md in Resources */ = {isa = PBXBuildFile; fileRef = 079CA22C159F94960026A58E /* readme.md */; };
		079CA242159F94960026A58E /* FacebookConnectPlugin.m in Sources */ = {isa = PBXBuildFile; fileRef = 079CA22F159F94960026A58E /* FacebookConnectPlugin.m */; };
		079CA243159F94960026A58E /* LowLatencyAudio.m in Sources */ = {isa = PBXBuildFile; fileRef = 079CA233159F94960026A58E /* LowLatencyAudio.m */; };
		079CA244159F94960026A58E /* LowLatencyAudioAsset.m in Sources */ = {isa = PBXBuildFile; fileRef = 079CA235159F94960026A58E /* LowLatencyAudioAsset.m */; };
		07B69F0B15ECBBC1002F781E /* Bluetooth.js in Sources */ = {isa = PBXBuildFile; fileRef = 07B69F0915ECBBC1002F781E /* Bluetooth.js */; };
		07B69F0C15ECBBC1002F781E /* Bluetooth.m in Sources */ = {isa = PBXBuildFile; fileRef = 07B69F0A15ECBBC1002F781E /* Bluetooth.m */; };
		07B69F0E15ECBBDB002F781E /* GameKit.framework in Frameworks */ = {isa = PBXBuildFile; fileRef = 07B69F0D15ECBBDB002F781E /* GameKit.framework */; };
		07D0AAE0150A9355000E07EC /* icon-72.png in Resources */ = {isa = PBXBuildFile; fileRef = 07D0AADD150A9355000E07EC /* icon-72.png */; };
		07D0AAE1150A9355000E07EC /* icon.png in Resources */ = {isa = PBXBuildFile; fileRef = 07D0AADE150A9355000E07EC /* icon.png */; };
		07D0AAE2150A9355000E07EC /* icon@2x.png in Resources */ = {isa = PBXBuildFile; fileRef = 07D0AADF150A9355000E07EC /* icon@2x.png */; };
		07D0AAF8150A940C000E07EC /* Localizable.strings in Resources */ = {isa = PBXBuildFile; fileRef = 07D0AAEF150A940C000E07EC /* Localizable.strings */; };
		07D0AAFF150A9497000E07EC /* AppDelegate.m in Sources */ = {isa = PBXBuildFile; fileRef = 07D0AAFC150A9496000E07EC /* AppDelegate.m */; };
		07D0AB00150A9497000E07EC /* MainViewController.m in Sources */ = {isa = PBXBuildFile; fileRef = 07D0AAFE150A9497000E07EC /* MainViewController.m */; };
		07D0AB02150A94C6000E07EC /* MainViewController.xib in Resources */ = {isa = PBXBuildFile; fileRef = 07D0AB01150A94C6000E07EC /* MainViewController.xib */; };
		07D0AB04150A966C000E07EC /* verify.sh in Resources */ = {isa = PBXBuildFile; fileRef = 07D0AB03150A966C000E07EC /* verify.sh */; };
		07D9A98F1580962200AD5447 /* beep.wav in Resources */ = {isa = PBXBuildFile; fileRef = 07D9A98E1580962200AD5447 /* beep.wav */; };
		07DA345F155DA5E3004E655A /* appicon.png in Resources */ = {isa = PBXBuildFile; fileRef = 07DA345E155DA5E3004E655A /* appicon.png */; };
		07DA35201561F980004E655A /* appicon3g.png in Resources */ = {isa = PBXBuildFile; fileRef = 07DA351F1561F980004E655A /* appicon3g.png */; };
/* End PBXBuildFile section */

/* Begin PBXContainerItemProxy section */
		0715FE5E160ABC8B00A6501C /* PBXContainerItemProxy */ = {
			isa = PBXContainerItemProxy;
			containerPortal = 0715FE57160ABC8B00A6501C /* facebook-ios-sdk.xcodeproj */;
			proxyType = 2;
			remoteGlobalIDString = D2AAC07E0554694100DB518D;
			remoteInfo = "facebook-ios-sdk";
		};
/* End PBXContainerItemProxy section */

/* Begin PBXFileReference section */
		0706DDFD14A2A6F90023AE8E /* KICKBAK.app */ = {isa = PBXFileReference; explicitFileType = wrapper.application; includeInIndex = 0; path = KICKBAK.app; sourceTree = BUILT_PRODUCTS_DIR; };
		0706DE0114A2A6F90023AE8E /* Foundation.framework */ = {isa = PBXFileReference; lastKnownFileType = wrapper.framework; name = Foundation.framework; path = System/Library/Frameworks/Foundation.framework; sourceTree = SDKROOT; };
		0706DE0314A2A6F90023AE8E /* UIKit.framework */ = {isa = PBXFileReference; lastKnownFileType = wrapper.framework; name = UIKit.framework; path = System/Library/Frameworks/UIKit.framework; sourceTree = SDKROOT; };
		0706DE0514A2A6F90023AE8E /* CoreGraphics.framework */ = {isa = PBXFileReference; lastKnownFileType = wrapper.framework; name = CoreGraphics.framework; path = System/Library/Frameworks/CoreGraphics.framework; sourceTree = SDKROOT; };
		0706DE0714A2A6F90023AE8E /* AddressBook.framework */ = {isa = PBXFileReference; lastKnownFileType = wrapper.framework; name = AddressBook.framework; path = System/Library/Frameworks/AddressBook.framework; sourceTree = SDKROOT; };
		0706DE0914A2A6F90023AE8E /* AddressBookUI.framework */ = {isa = PBXFileReference; lastKnownFileType = wrapper.framework; name = AddressBookUI.framework; path = System/Library/Frameworks/AddressBookUI.framework; sourceTree = SDKROOT; };
		0706DE0B14A2A6F90023AE8E /* AudioToolbox.framework */ = {isa = PBXFileReference; lastKnownFileType = wrapper.framework; name = AudioToolbox.framework; path = System/Library/Frameworks/AudioToolbox.framework; sourceTree = SDKROOT; };
		0706DE0D14A2A6F90023AE8E /* AVFoundation.framework */ = {isa = PBXFileReference; lastKnownFileType = wrapper.framework; name = AVFoundation.framework; path = System/Library/Frameworks/AVFoundation.framework; sourceTree = SDKROOT; };
		0706DE0F14A2A6F90023AE8E /* CoreLocation.framework */ = {isa = PBXFileReference; lastKnownFileType = wrapper.framework; name = CoreLocation.framework; path = System/Library/Frameworks/CoreLocation.framework; sourceTree = SDKROOT; };
		0706DE1114A2A6F90023AE8E /* MediaPlayer.framework */ = {isa = PBXFileReference; lastKnownFileType = wrapper.framework; name = MediaPlayer.framework; path = System/Library/Frameworks/MediaPlayer.framework; sourceTree = SDKROOT; };
		0706DE1314A2A6F90023AE8E /* QuartzCore.framework */ = {isa = PBXFileReference; lastKnownFileType = wrapper.framework; name = QuartzCore.framework; path = System/Library/Frameworks/QuartzCore.framework; sourceTree = SDKROOT; };
		0706DE1514A2A6F90023AE8E /* SystemConfiguration.framework */ = {isa = PBXFileReference; lastKnownFileType = wrapper.framework; name = SystemConfiguration.framework; path = System/Library/Frameworks/SystemConfiguration.framework; sourceTree = SDKROOT; };
		0706DE1714A2A6F90023AE8E /* MobileCoreServices.framework */ = {isa = PBXFileReference; lastKnownFileType = wrapper.framework; name = MobileCoreServices.framework; path = System/Library/Frameworks/MobileCoreServices.framework; sourceTree = SDKROOT; };
		0706DE1914A2A6F90023AE8E /* CoreMedia.framework */ = {isa = PBXFileReference; lastKnownFileType = wrapper.framework; name = CoreMedia.framework; path = System/Library/Frameworks/CoreMedia.framework; sourceTree = SDKROOT; };
		0706DE1D14A2A6F90023AE8E /* GetKickBak-Info.plist */ = {isa = PBXFileReference; lastKnownFileType = text.plist.xml; path = "GetKickBak-Info.plist"; sourceTree = "<group>"; };
		0706DE2114A2A6F90023AE8E /* main.m */ = {isa = PBXFileReference; lastKnownFileType = sourcecode.c.objc; path = main.m; sourceTree = "<group>"; };
		0706DE2314A2A6F90023AE8E /* GetKickBak-Prefix.pch */ = {isa = PBXFileReference; lastKnownFileType = sourcecode.c.h; path = "GetKickBak-Prefix.pch"; sourceTree = "<group>"; };
		0706DE3714A2A6F90023AE8E /* Default.png */ = {isa = PBXFileReference; lastKnownFileType = image.png; name = Default.png; path = Resources/splash/Default.png; sourceTree = "<group>"; };
		0706DE3914A2A6F90023AE8E /* Default@2x.png */ = {isa = PBXFileReference; lastKnownFileType = image.png; name = "Default@2x.png"; path = "Resources/splash/Default@2x.png"; sourceTree = "<group>"; };
		0706DE3D14A2A6F90023AE8E /* Cordova.plist */ = {isa = PBXFileReference; lastKnownFileType = text.plist.xml; path = Cordova.plist; sourceTree = "<group>"; };
		0706DE4414A2A6F90023AE8E /* README */ = {isa = PBXFileReference; lastKnownFileType = text; name = README; path = Plugins/README; sourceTree = "<group>"; };
		0706DE5614A2A8D10023AE8E /* www */ = {isa = PBXFileReference; lastKnownFileType = folder; path = www; sourceTree = "<group>"; };
		0715FE461607596700A6501C /* Cordova.framework */ = {isa = PBXFileReference; lastKnownFileType = wrapper.framework; name = Cordova.framework; path = "../../../../Shared/Cordova-1.8.1/Frameworks/Cordova.framework"; sourceTree = "<group>"; };
		0715FE551607ED4600A6501C /* libsqlite3.0.dylib */ = {isa = PBXFileReference; lastKnownFileType = "compiled.mach-o.dylib"; name = libsqlite3.0.dylib; path = usr/lib/libsqlite3.0.dylib; sourceTree = SDKROOT; };
		0715FE57160ABC8B00A6501C /* facebook-ios-sdk.xcodeproj */ = {isa = PBXFileReference; lastKnownFileType = "wrapper.pb-project"; name = "facebook-ios-sdk.xcodeproj"; path = "../../Aptana Studio 3 Workspace/phonegap-plugin-facebook-connect/lib/facebook-ios-sdk/src/facebook-ios-sdk.xcodeproj"; sourceTree = "<group>"; };
		0736AF0115801F73008C0D98 /* CoreVideo.framework */ = {isa = PBXFileReference; lastKnownFileType = wrapper.framework; name = CoreVideo.framework; path = System/Library/Frameworks/CoreVideo.framework; sourceTree = SDKROOT; };
		0736AF0315801F8D008C0D98 /* AssetsLibrary.framework */ = {isa = PBXFileReference; lastKnownFileType = wrapper.framework; name = AssetsLibrary.framework; path = System/Library/Frameworks/AssetsLibrary.framework; sourceTree = SDKROOT; };
		0736AF0515801FCB008C0D98 /* libiconv.dylib */ = {isa = PBXFileReference; lastKnownFileType = "compiled.mach-o.dylib"; name = libiconv.dylib; path = usr/lib/libiconv.dylib; sourceTree = SDKROOT; };
		0739AF63158DCAB600FA5050 /* Capture.bundle */ = {isa = PBXFileReference; lastKnownFileType = "wrapper.plug-in"; path = Capture.bundle; sourceTree = "<group>"; };
		073B1E74156D96E1000FB928 /* NSDataAdditions.h */ = {isa = PBXFileReference; fileEncoding = 4; lastKnownFileType = sourcecode.c.h; path = NSDataAdditions.h; sourceTree = "<group>"; };
		073B1E75156D96E1000FB928 /* NSDataAdditions.m */ = {isa = PBXFileReference; fileEncoding = 4; lastKnownFileType = sourcecode.c.objc; path = NSDataAdditions.m; sourceTree = "<group>"; };
		07646DAA14AC3C840098B6D2 /* Default.png */ = {isa = PBXFileReference; lastKnownFileType = image.png; path = Default.png; sourceTree = "<group>"; };
		07646DAD14AC3C9A0098B6D2 /* Default@2x.png */ = {isa = PBXFileReference; lastKnownFileType = image.png; path = "Default@2x.png"; sourceTree = "<group>"; };
		0799AFCC156C454700C43BC4 /* MessageUI.framework */ = {isa = PBXFileReference; lastKnownFileType = wrapper.framework; name = MessageUI.framework; path = System/Library/Frameworks/MessageUI.framework; sourceTree = SDKROOT; };
		079CA207159F8F930026A58E /* PushNotification.h */ = {isa = PBXFileReference; fileEncoding = 4; lastKnownFileType = sourcecode.c.h; path = PushNotification.h; sourceTree = "<group>"; };
		079CA208159F8F930026A58E /* PushNotification.m */ = {isa = PBXFileReference; fileEncoding = 4; lastKnownFileType = sourcecode.c.objc; path = PushNotification.m; sourceTree = "<group>"; };
		079CA20B159F94590026A58E /* Facebook.h */ = {isa = PBXFileReference; fileEncoding = 4; lastKnownFileType = sourcecode.c.h; path = Facebook.h; sourceTree = "<group>"; };
		079CA20C159F94590026A58E /* FBConnect.h */ = {isa = PBXFileReference; fileEncoding = 4; lastKnownFileType = sourcecode.c.h; path = FBConnect.h; sourceTree = "<group>"; };
		079CA20D159F94590026A58E /* FBDialog.bundle */ = {isa = PBXFileReference; lastKnownFileType = "wrapper.plug-in"; path = FBDialog.bundle; sourceTree = "<group>"; };
		079CA20E159F94590026A58E /* FBDialog.h */ = {isa = PBXFileReference; fileEncoding = 4; lastKnownFileType = sourcecode.c.h; path = FBDialog.h; sourceTree = "<group>"; };
		079CA20F159F94590026A58E /* FBFrictionlessRequestSettings.h */ = {isa = PBXFileReference; fileEncoding = 4; lastKnownFileType = sourcecode.c.h; path = FBFrictionlessRequestSettings.h; sourceTree = "<group>"; };
		079CA210159F94590026A58E /* FBLoginDialog.h */ = {isa = PBXFileReference; fileEncoding = 4; lastKnownFileType = sourcecode.c.h; path = FBLoginDialog.h; sourceTree = "<group>"; };
		079CA211159F94590026A58E /* FBRequest.h */ = {isa = PBXFileReference; fileEncoding = 4; lastKnownFileType = sourcecode.c.h; path = FBRequest.h; sourceTree = "<group>"; };
		079CA212159F94590026A58E /* JSON.h */ = {isa = PBXFileReference; fileEncoding = 4; lastKnownFileType = sourcecode.c.h; path = JSON.h; sourceTree = "<group>"; };
		079CA213159F94590026A58E /* libfacebook_ios_sdk.a */ = {isa = PBXFileReference; lastKnownFileType = archive.ar; path = libfacebook_ios_sdk.a; sourceTree = "<group>"; };
		079CA214159F94590026A58E /* NSObject+SBJSON.h */ = {isa = PBXFileReference; fileEncoding = 4; lastKnownFileType = sourcecode.c.h; path = "NSObject+SBJSON.h"; sourceTree = "<group>"; };
		079CA215159F94590026A58E /* NSString+SBJSON.h */ = {isa = PBXFileReference; fileEncoding = 4; lastKnownFileType = sourcecode.c.h; path = "NSString+SBJSON.h"; sourceTree = "<group>"; };
		079CA216159F94590026A58E /* SBJSON.h */ = {isa = PBXFileReference; fileEncoding = 4; lastKnownFileType = sourcecode.c.h; path = SBJSON.h; sourceTree = "<group>"; };
		079CA217159F94590026A58E /* SBJsonBase.h */ = {isa = PBXFileReference; fileEncoding = 4; lastKnownFileType = sourcecode.c.h; path = SBJsonBase.h; sourceTree = "<group>"; };
		079CA218159F94590026A58E /* SBJsonParser.h */ = {isa = PBXFileReference; fileEncoding = 4; lastKnownFileType = sourcecode.c.h; path = SBJsonParser.h; sourceTree = "<group>"; };
		079CA219159F94590026A58E /* SBJsonWriter.h */ = {isa = PBXFileReference; fileEncoding = 4; lastKnownFileType = sourcecode.c.h; path = SBJsonWriter.h; sourceTree = "<group>"; };
		079CA21D159F94960026A58E /* barcodescanner.js */ = {isa = PBXFileReference; fileEncoding = 4; lastKnownFileType = sourcecode.javascript; path = barcodescanner.js; sourceTree = "<group>"; };
		079CA21F159F94960026A58E /* .gitignore */ = {isa = PBXFileReference; fileEncoding = 4; lastKnownFileType = text; path = .gitignore; sourceTree = "<group>"; };
		079CA220159F94960026A58E /* Makefile */ = {isa = PBXFileReference; fileEncoding = 4; lastKnownFileType = sourcecode.make; path = Makefile; sourceTree = "<group>"; };
		079CA221159F94960026A58E /* onefile-zxing.py */ = {isa = PBXFileReference; fileEncoding = 4; lastKnownFileType = text.script.python; path = "onefile-zxing.py"; sourceTree = "<group>"; };
		079CA222159F94960026A58E /* CDVBarcodeScanner.mm */ = {isa = PBXFileReference; fileEncoding = 4; lastKnownFileType = sourcecode.cpp.objcpp; path = CDVBarcodeScanner.mm; sourceTree = "<group>"; };
		079CA223159F94960026A58E /* README.md */ = {isa = PBXFileReference; fileEncoding = 4; lastKnownFileType = text; path = README.md; sourceTree = "<group>"; };
		079CA224159F94960026A58E /* scannerOverlay.xib */ = {isa = PBXFileReference; fileEncoding = 4; lastKnownFileType = file.xib; path = scannerOverlay.xib; sourceTree = "<group>"; };
		079CA225159F94960026A58E /* zxing-all-in-one.cpp */ = {isa = PBXFileReference; fileEncoding = 4; lastKnownFileType = sourcecode.cpp.cpp; path = "zxing-all-in-one.cpp"; sourceTree = "<group>"; };
		079CA226159F94960026A58E /* zxing-all-in-one.h */ = {isa = PBXFileReference; fileEncoding = 4; lastKnownFileType = sourcecode.c.h; path = "zxing-all-in-one.h"; sourceTree = "<group>"; };
		079CA228159F94960026A58E /* EmailComposer.h */ = {isa = PBXFileReference; fileEncoding = 4; lastKnownFileType = sourcecode.c.h; path = EmailComposer.h; sourceTree = "<group>"; };
		079CA229159F94960026A58E /* EmailComposer.js */ = {isa = PBXFileReference; fileEncoding = 4; lastKnownFileType = sourcecode.javascript; path = EmailComposer.js; sourceTree = "<group>"; };
		079CA22A159F94960026A58E /* EmailComposer.m */ = {isa = PBXFileReference; fileEncoding = 4; lastKnownFileType = sourcecode.c.objc; path = EmailComposer.m; sourceTree = "<group>"; };
		079CA22B159F94960026A58E /* index.html */ = {isa = PBXFileReference; fileEncoding = 4; lastKnownFileType = text.html; path = index.html; sourceTree = "<group>"; };
		079CA22C159F94960026A58E /* readme.md */ = {isa = PBXFileReference; fileEncoding = 4; lastKnownFileType = text; path = readme.md; sourceTree = "<group>"; };
		079CA22E159F94960026A58E /* FacebookConnectPlugin.h */ = {isa = PBXFileReference; fileEncoding = 4; lastKnownFileType = sourcecode.c.h; path = FacebookConnectPlugin.h; sourceTree = "<group>"; };
		079CA22F159F94960026A58E /* FacebookConnectPlugin.m */ = {isa = PBXFileReference; fileEncoding = 4; lastKnownFileType = sourcecode.c.objc; path = FacebookConnectPlugin.m; sourceTree = "<group>"; };
		079CA232159F94960026A58E /* LowLatencyAudio.h */ = {isa = PBXFileReference; fileEncoding = 4; lastKnownFileType = sourcecode.c.h; path = LowLatencyAudio.h; sourceTree = "<group>"; };
		079CA233159F94960026A58E /* LowLatencyAudio.m */ = {isa = PBXFileReference; fileEncoding = 4; lastKnownFileType = sourcecode.c.objc; path = LowLatencyAudio.m; sourceTree = "<group>"; };
		079CA234159F94960026A58E /* LowLatencyAudioAsset.h */ = {isa = PBXFileReference; fileEncoding = 4; lastKnownFileType = sourcecode.c.h; path = LowLatencyAudioAsset.h; sourceTree = "<group>"; };
		079CA235159F94960026A58E /* LowLatencyAudioAsset.m */ = {isa = PBXFileReference; fileEncoding = 4; lastKnownFileType = sourcecode.c.objc; path = LowLatencyAudioAsset.m; sourceTree = "<group>"; };
		07B69F0815ECBBC1002F781E /* Bluetooth.h */ = {isa = PBXFileReference; fileEncoding = 4; lastKnownFileType = sourcecode.c.h; path = Bluetooth.h; sourceTree = "<group>"; };
		07B69F0915ECBBC1002F781E /* Bluetooth.js */ = {isa = PBXFileReference; fileEncoding = 4; lastKnownFileType = sourcecode.javascript; path = Bluetooth.js; sourceTree = "<group>"; };
		07B69F0A15ECBBC1002F781E /* Bluetooth.m */ = {isa = PBXFileReference; fileEncoding = 4; lastKnownFileType = sourcecode.c.objc; path = Bluetooth.m; sourceTree = "<group>"; };
		07B69F0D15ECBBDB002F781E /* GameKit.framework */ = {isa = PBXFileReference; lastKnownFileType = wrapper.framework; name = GameKit.framework; path = System/Library/Frameworks/GameKit.framework; sourceTree = SDKROOT; };
		07D0AACF150A927E000E07EC /* Cordova.framework */ = {isa = PBXFileReference; lastKnownFileType = wrapper.framework; name = Cordova.framework; path = /Users/Shared/Cordova/Frameworks/Cordova.framework; sourceTree = "<absolute>"; };
		07D0AADD150A9355000E07EC /* icon-72.png */ = {isa = PBXFileReference; lastKnownFileType = image.png; path = "icon-72.png"; sourceTree = "<group>"; };
		07D0AADE150A9355000E07EC /* icon.png */ = {isa = PBXFileReference; lastKnownFileType = image.png; path = icon.png; sourceTree = "<group>"; };
		07D0AADF150A9355000E07EC /* icon@2x.png */ = {isa = PBXFileReference; lastKnownFileType = image.png; path = "icon@2x.png"; sourceTree = "<group>"; };
		07D0AAED150A940C000E07EC /* de */ = {isa = PBXFileReference; lastKnownFileType = text.plist.strings; name = de; path = Localizable.strings; sourceTree = "<group>"; };
		07D0AAF0150A940C000E07EC /* en */ = {isa = PBXFileReference; lastKnownFileType = text.plist.strings; name = en; path = Localizable.strings; sourceTree = "<group>"; };
		07D0AAF3150A940C000E07EC /* es */ = {isa = PBXFileReference; lastKnownFileType = text.plist.strings; name = es; path = Localizable.strings; sourceTree = "<group>"; };
		07D0AAF6150A940C000E07EC /* se */ = {isa = PBXFileReference; lastKnownFileType = text.plist.strings; name = se; path = Localizable.strings; sourceTree = "<group>"; };
		07D0AAFB150A9496000E07EC /* AppDelegate.h */ = {isa = PBXFileReference; fileEncoding = 4; lastKnownFileType = sourcecode.c.h; path = AppDelegate.h; sourceTree = "<group>"; };
		07D0AAFC150A9496000E07EC /* AppDelegate.m */ = {isa = PBXFileReference; fileEncoding = 4; lastKnownFileType = sourcecode.c.objc; path = AppDelegate.m; sourceTree = "<group>"; };
		07D0AAFD150A9496000E07EC /* MainViewController.h */ = {isa = PBXFileReference; fileEncoding = 4; lastKnownFileType = sourcecode.c.h; path = MainViewController.h; sourceTree = "<group>"; };
		07D0AAFE150A9497000E07EC /* MainViewController.m */ = {isa = PBXFileReference; fileEncoding = 4; lastKnownFileType = sourcecode.c.objc; path = MainViewController.m; sourceTree = "<group>"; };
		07D0AB01150A94C6000E07EC /* MainViewController.xib */ = {isa = PBXFileReference; fileEncoding = 4; lastKnownFileType = file.xib; path = MainViewController.xib; sourceTree = "<group>"; };
		07D0AB03150A966C000E07EC /* verify.sh */ = {isa = PBXFileReference; fileEncoding = 4; lastKnownFileType = text.script.sh; path = verify.sh; sourceTree = "<group>"; };
		07D0AB05150A9687000E07EC /* test-Prefix.pch */ = {isa = PBXFileReference; fileEncoding = 4; lastKnownFileType = sourcecode.c.h; path = "test-Prefix.pch"; sourceTree = "<group>"; };
		07D9A98E1580962200AD5447 /* beep.wav */ = {isa = PBXFileReference; lastKnownFileType = audio.wav; name = beep.wav; path = Resources/beep.wav; sourceTree = "<group>"; };
		07DA345E155DA5E3004E655A /* appicon.png */ = {isa = PBXFileReference; lastKnownFileType = image.png; path = appicon.png; sourceTree = "<group>"; };
		07DA351F1561F980004E655A /* appicon3g.png */ = {isa = PBXFileReference; lastKnownFileType = image.png; path = appicon3g.png; sourceTree = "<group>"; };
/* End PBXFileReference section */

/* Begin PBXFrameworksBuildPhase section */
		0706DDF714A2A6F90023AE8E /* Frameworks */ = {
			isa = PBXFrameworksBuildPhase;
			buildActionMask = 2147483647;
			files = (
				0715FE561607ED4600A6501C /* libsqlite3.0.dylib in Frameworks */,
				0715FE471607596700A6501C /* Cordova.framework in Frameworks */,
				07B69F0E15ECBBDB002F781E /* GameKit.framework in Frameworks */,
				0736AF0415801F8D008C0D98 /* AssetsLibrary.framework in Frameworks */,
				0736AF0215801F73008C0D98 /* CoreVideo.framework in Frameworks */,
				0799AFCD156C454700C43BC4 /* MessageUI.framework in Frameworks */,
				0706DE0214A2A6F90023AE8E /* Foundation.framework in Frameworks */,
				0706DE0414A2A6F90023AE8E /* UIKit.framework in Frameworks */,
				0706DE0614A2A6F90023AE8E /* CoreGraphics.framework in Frameworks */,
				0706DE1414A2A6F90023AE8E /* QuartzCore.framework in Frameworks */,
				0706DE0814A2A6F90023AE8E /* AddressBook.framework in Frameworks */,
				0706DE0A14A2A6F90023AE8E /* AddressBookUI.framework in Frameworks */,
				0706DE0C14A2A6F90023AE8E /* AudioToolbox.framework in Frameworks */,
				0706DE0E14A2A6F90023AE8E /* AVFoundation.framework in Frameworks */,
				0706DE1014A2A6F90023AE8E /* CoreLocation.framework in Frameworks */,
				0706DE1214A2A6F90023AE8E /* MediaPlayer.framework in Frameworks */,
				0706DE1614A2A6F90023AE8E /* SystemConfiguration.framework in Frameworks */,
				0706DE1814A2A6F90023AE8E /* MobileCoreServices.framework in Frameworks */,
				0706DE1A14A2A6F90023AE8E /* CoreMedia.framework in Frameworks */,
				0736AF0615801FCB008C0D98 /* libiconv.dylib in Frameworks */,
				079CA21B159F94590026A58E /* libfacebook_ios_sdk.a in Frameworks */,
			);
			runOnlyForDeploymentPostprocessing = 0;
		};
/* End PBXFrameworksBuildPhase section */

/* Begin PBXGroup section */
		0706DDEF14A2A6F90023AE8E = {
			isa = PBXGroup;
			children = (
				0715FE57160ABC8B00A6501C /* facebook-ios-sdk.xcodeproj */,
				07DA351F1561F980004E655A /* appicon3g.png */,
				07DA345E155DA5E3004E655A /* appicon.png */,
				07646DAD14AC3C9A0098B6D2 /* Default@2x.png */,
				07646DAA14AC3C840098B6D2 /* Default.png */,
				0706DE5614A2A8D10023AE8E /* www */,
				0706DE1B14A2A6F90023AE8E /* GetKickBak */,
				0706DE0014A2A6F90023AE8E /* Frameworks */,
				0706DDFE14A2A6F90023AE8E /* Products */,
			);
			sourceTree = "<group>";
		};
		0706DDFE14A2A6F90023AE8E /* Products */ = {
			isa = PBXGroup;
			children = (
				0706DDFD14A2A6F90023AE8E /* KICKBAK.app */,
			);
			name = Products;
			sourceTree = "<group>";
		};
		0706DE0014A2A6F90023AE8E /* Frameworks */ = {
			isa = PBXGroup;
			children = (
				0715FE551607ED4600A6501C /* libsqlite3.0.dylib */,
				0715FE461607596700A6501C /* Cordova.framework */,
				07B69F0D15ECBBDB002F781E /* GameKit.framework */,
				0736AF0515801FCB008C0D98 /* libiconv.dylib */,
				0736AF0315801F8D008C0D98 /* AssetsLibrary.framework */,
				0736AF0115801F73008C0D98 /* CoreVideo.framework */,
				0799AFCC156C454700C43BC4 /* MessageUI.framework */,
				07D0AACF150A927E000E07EC /* Cordova.framework */,
				0706DE0114A2A6F90023AE8E /* Foundation.framework */,
				0706DE0314A2A6F90023AE8E /* UIKit.framework */,
				0706DE0514A2A6F90023AE8E /* CoreGraphics.framework */,
				0706DE0714A2A6F90023AE8E /* AddressBook.framework */,
				0706DE0914A2A6F90023AE8E /* AddressBookUI.framework */,
				0706DE0B14A2A6F90023AE8E /* AudioToolbox.framework */,
				0706DE0D14A2A6F90023AE8E /* AVFoundation.framework */,
				0706DE0F14A2A6F90023AE8E /* CoreLocation.framework */,
				0706DE1114A2A6F90023AE8E /* MediaPlayer.framework */,
				0706DE1314A2A6F90023AE8E /* QuartzCore.framework */,
				0706DE1514A2A6F90023AE8E /* SystemConfiguration.framework */,
				0706DE1714A2A6F90023AE8E /* MobileCoreServices.framework */,
				0706DE1914A2A6F90023AE8E /* CoreMedia.framework */,
			);
			name = Frameworks;
			sourceTree = "<group>";
		};
		0706DE1B14A2A6F90023AE8E /* GetKickBak */ = {
			isa = PBXGroup;
			children = (
				0706DE2614A2A6F90023AE8E /* Resources */,
				0706DE3F14A2A6F90023AE8E /* Classes */,
				0706DE4314A2A6F90023AE8E /* Plugins */,
				0706DE1C14A2A6F90023AE8E /* Supporting Files */,
			);
			path = GetKickBak;
			sourceTree = "<group>";
		};
		0706DE1C14A2A6F90023AE8E /* Supporting Files */ = {
			isa = PBXGroup;
			children = (
				07D0AB05150A9687000E07EC /* test-Prefix.pch */,
				07D0AB03150A966C000E07EC /* verify.sh */,
				07D0AB01150A94C6000E07EC /* MainViewController.xib */,
				0706DE1D14A2A6F90023AE8E /* GetKickBak-Info.plist */,
				0706DE2114A2A6F90023AE8E /* main.m */,
				0706DE2314A2A6F90023AE8E /* GetKickBak-Prefix.pch */,
				0706DE3D14A2A6F90023AE8E /* Cordova.plist */,
			);
			name = "Supporting Files";
			sourceTree = "<group>";
		};
		0706DE2614A2A6F90023AE8E /* Resources */ = {
			isa = PBXGroup;
			children = (
				0739AF63158DCAB600FA5050 /* Capture.bundle */,
				07D9A98E1580962200AD5447 /* beep.wav */,
				07D0AAEB150A940C000E07EC /* de.lproj */,
				07D0AAEE150A940C000E07EC /* en.lproj */,
				07D0AAF1150A940C000E07EC /* es.lproj */,
				07D0AAF4150A940C000E07EC /* se.lproj */,
				0706DE2F14A2A6F90023AE8E /* icons */,
				0706DE3614A2A6F90023AE8E /* splash */,
			);
			name = Resources;
			sourceTree = "<group>";
		};
		0706DE2F14A2A6F90023AE8E /* icons */ = {
			isa = PBXGroup;
			children = (
				07D0AADD150A9355000E07EC /* icon-72.png */,
				07D0AADE150A9355000E07EC /* icon.png */,
				07D0AADF150A9355000E07EC /* icon@2x.png */,
			);
			name = icons;
			sourceTree = "<group>";
		};
		0706DE3614A2A6F90023AE8E /* splash */ = {
			isa = PBXGroup;
			children = (
				0706DE3714A2A6F90023AE8E /* Default.png */,
				0706DE3914A2A6F90023AE8E /* Default@2x.png */,
			);
			name = splash;
			sourceTree = "<group>";
		};
		0706DE3F14A2A6F90023AE8E /* Classes */ = {
			isa = PBXGroup;
			children = (
				073B1E74156D96E1000FB928 /* NSDataAdditions.h */,
				073B1E75156D96E1000FB928 /* NSDataAdditions.m */,
				07D0AAFB150A9496000E07EC /* AppDelegate.h */,
				07D0AAFC150A9496000E07EC /* AppDelegate.m */,
				07D0AAFD150A9496000E07EC /* MainViewController.h */,
				07D0AAFE150A9497000E07EC /* MainViewController.m */,
			);
			name = Classes;
			sourceTree = "<group>";
		};
		0706DE4314A2A6F90023AE8E /* Plugins */ = {
			isa = PBXGroup;
			children = (
				07B69F0715ECBBC1002F781E /* Bluetooth */,
				079CA21C159F94960026A58E /* BarcodeScanner */,
				079CA227159F94960026A58E /* EmailComposer */,
				079CA22D159F94960026A58E /* ios */,
				079CA230159F94960026A58E /* LowLatencyAudio */,
				079CA20A159F94590026A58E /* facebook-ios-sdk */,
				079CA206159F8F930026A58E /* PushNotification */,
				0706DE4414A2A6F90023AE8E /* README */,
			);
			name = Plugins;
			sourceTree = "<group>";
		};
		0715FE58160ABC8B00A6501C /* Products */ = {
			isa = PBXGroup;
			children = (
				0715FE5F160ABC8B00A6501C /* libfacebook_ios_sdk.a */,
			);
			name = Products;
			sourceTree = "<group>";
		};
		079CA206159F8F930026A58E /* PushNotification */ = {
			isa = PBXGroup;
			children = (
				079CA207159F8F930026A58E /* PushNotification.h */,
				079CA208159F8F930026A58E /* PushNotification.m */,
			);
			name = PushNotification;
			path = Plugins/PushNotification;
			sourceTree = "<group>";
		};
		079CA20A159F94590026A58E /* facebook-ios-sdk */ = {
			isa = PBXGroup;
			children = (
				079CA20B159F94590026A58E /* Facebook.h */,
				079CA20C159F94590026A58E /* FBConnect.h */,
				079CA20D159F94590026A58E /* FBDialog.bundle */,
				079CA20E159F94590026A58E /* FBDialog.h */,
				079CA20F159F94590026A58E /* FBFrictionlessRequestSettings.h */,
				079CA210159F94590026A58E /* FBLoginDialog.h */,
				079CA211159F94590026A58E /* FBRequest.h */,
				079CA212159F94590026A58E /* JSON.h */,
				079CA213159F94590026A58E /* libfacebook_ios_sdk.a */,
				079CA214159F94590026A58E /* NSObject+SBJSON.h */,
				079CA215159F94590026A58E /* NSString+SBJSON.h */,
				079CA216159F94590026A58E /* SBJSON.h */,
				079CA217159F94590026A58E /* SBJsonBase.h */,
				079CA218159F94590026A58E /* SBJsonParser.h */,
				079CA219159F94590026A58E /* SBJsonWriter.h */,
			);
			name = "facebook-ios-sdk";
			path = "Plugins/facebook-ios-sdk";
			sourceTree = "<group>";
		};
		079CA21C159F94960026A58E /* BarcodeScanner */ = {
			isa = PBXGroup;
			children = (
				079CA21D159F94960026A58E /* barcodescanner.js */,
				079CA21E159F94960026A58E /* build */,
				079CA222159F94960026A58E /* CDVBarcodeScanner.mm */,
				079CA223159F94960026A58E /* README.md */,
				079CA224159F94960026A58E /* scannerOverlay.xib */,
				079CA225159F94960026A58E /* zxing-all-in-one.cpp */,
				079CA226159F94960026A58E /* zxing-all-in-one.h */,
			);
			name = BarcodeScanner;
			path = Plugins/BarcodeScanner;
			sourceTree = "<group>";
		};
		079CA21E159F94960026A58E /* build */ = {
			isa = PBXGroup;
			children = (
				079CA21F159F94960026A58E /* .gitignore */,
				079CA220159F94960026A58E /* Makefile */,
				079CA221159F94960026A58E /* onefile-zxing.py */,
			);
			path = build;
			sourceTree = "<group>";
		};
		079CA227159F94960026A58E /* EmailComposer */ = {
			isa = PBXGroup;
			children = (
				079CA228159F94960026A58E /* EmailComposer.h */,
				079CA229159F94960026A58E /* EmailComposer.js */,
				079CA22A159F94960026A58E /* EmailComposer.m */,
				079CA22B159F94960026A58E /* index.html */,
				079CA22C159F94960026A58E /* readme.md */,
			);
			name = EmailComposer;
			path = Plugins/EmailComposer;
			sourceTree = "<group>";
		};
		079CA22D159F94960026A58E /* ios */ = {
			isa = PBXGroup;
			children = (
				079CA22E159F94960026A58E /* FacebookConnectPlugin.h */,
				079CA22F159F94960026A58E /* FacebookConnectPlugin.m */,
			);
			name = ios;
			path = Plugins/ios;
			sourceTree = "<group>";
		};
		079CA230159F94960026A58E /* LowLatencyAudio */ = {
			isa = PBXGroup;
			children = (
				079CA231159F94960026A58E /* src */,
			);
			name = LowLatencyAudio;
			path = Plugins/LowLatencyAudio;
			sourceTree = "<group>";
		};
		079CA231159F94960026A58E /* src */ = {
			isa = PBXGroup;
			children = (
				079CA232159F94960026A58E /* LowLatencyAudio.h */,
				079CA233159F94960026A58E /* LowLatencyAudio.m */,
				079CA234159F94960026A58E /* LowLatencyAudioAsset.h */,
				079CA235159F94960026A58E /* LowLatencyAudioAsset.m */,
			);
			path = src;
			sourceTree = "<group>";
		};
		07B69F0715ECBBC1002F781E /* Bluetooth */ = {
			isa = PBXGroup;
			children = (
				07B69F0815ECBBC1002F781E /* Bluetooth.h */,
				07B69F0915ECBBC1002F781E /* Bluetooth.js */,
				07B69F0A15ECBBC1002F781E /* Bluetooth.m */,
			);
			name = Bluetooth;
			path = Plugins/Bluetooth;
			sourceTree = "<group>";
		};
		07D0AAEB150A940C000E07EC /* de.lproj */ = {
			isa = PBXGroup;
			children = (
				07D0AAEC150A940C000E07EC /* Localizable.strings */,
			);
			path = de.lproj;
			sourceTree = "<group>";
		};
		07D0AAEE150A940C000E07EC /* en.lproj */ = {
			isa = PBXGroup;
			children = (
				07D0AAEF150A940C000E07EC /* Localizable.strings */,
			);
			path = en.lproj;
			sourceTree = "<group>";
		};
		07D0AAF1150A940C000E07EC /* es.lproj */ = {
			isa = PBXGroup;
			children = (
				07D0AAF2150A940C000E07EC /* Localizable.strings */,
			);
			path = es.lproj;
			sourceTree = "<group>";
		};
		07D0AAF4150A940C000E07EC /* se.lproj */ = {
			isa = PBXGroup;
			children = (
				07D0AAF5150A940C000E07EC /* Localizable.strings */,
			);
			path = se.lproj;
			sourceTree = "<group>";
		};
/* End PBXGroup section */

/* Begin PBXNativeTarget section */
		0706DDFC14A2A6F90023AE8E /* GetKickBak */ = {
			isa = PBXNativeTarget;
			buildConfigurationList = 0706DE4714A2A6F90023AE8E /* Build configuration list for PBXNativeTarget "GetKickBak" */;
			buildPhases = (
				0706DDFB14A2A6F90023AE8E /* ShellScript */,
				0706DDF814A2A6F90023AE8E /* Resources */,
				0706DDF614A2A6F90023AE8E /* Sources */,
				0706DDF714A2A6F90023AE8E /* Frameworks */,
			);
			buildRules = (
			);
			dependencies = (
			);
			name = GetKickBak;
			productName = GetKickBak;
			productReference = 0706DDFD14A2A6F90023AE8E /* KICKBAK.app */;
			productType = "com.apple.product-type.application";
		};
/* End PBXNativeTarget section */

/* Begin PBXProject section */
		0706DDF114A2A6F90023AE8E /* Project object */ = {
			isa = PBXProject;
			attributes = {
				LastUpgradeCheck = 0430;
			};
			buildConfigurationList = 0706DDF414A2A6F90023AE8E /* Build configuration list for PBXProject "GetKickBak" */;
			compatibilityVersion = "Xcode 3.2";
			developmentRegion = English;
			hasScannedForEncodings = 0;
			knownRegions = (
				en,
				es,
				de,
				se,
			);
			mainGroup = 0706DDEF14A2A6F90023AE8E;
			productRefGroup = 0706DDFE14A2A6F90023AE8E /* Products */;
			projectDirPath = "";
			projectReferences = (
				{
					ProductGroup = 0715FE58160ABC8B00A6501C /* Products */;
					ProjectRef = 0715FE57160ABC8B00A6501C /* facebook-ios-sdk.xcodeproj */;
				},
			);
			projectRoot = "";
			targets = (
				0706DDFC14A2A6F90023AE8E /* GetKickBak */,
			);
		};
/* End PBXProject section */

/* Begin PBXReferenceProxy section */
		0715FE5F160ABC8B00A6501C /* libfacebook_ios_sdk.a */ = {
			isa = PBXReferenceProxy;
			fileType = archive.ar;
			path = libfacebook_ios_sdk.a;
			remoteRef = 0715FE5E160ABC8B00A6501C /* PBXContainerItemProxy */;
			sourceTree = BUILT_PRODUCTS_DIR;
		};
/* End PBXReferenceProxy section */

/* Begin PBXResourcesBuildPhase section */
		0706DDF814A2A6F90023AE8E /* Resources */ = {
			isa = PBXResourcesBuildPhase;
			buildActionMask = 2147483647;
			files = (
				0706DE3814A2A6F90023AE8E /* Default.png in Resources */,
				0706DE3A14A2A6F90023AE8E /* Default@2x.png in Resources */,
				0706DE3E14A2A6F90023AE8E /* Cordova.plist in Resources */,
				0706DE5714A2A8D10023AE8E /* www in Resources */,
				07646DAB14AC3C840098B6D2 /* Default.png in Resources */,
				07646DAE14AC3C9A0098B6D2 /* Default@2x.png in Resources */,
				07D0AAE0150A9355000E07EC /* icon-72.png in Resources */,
				07D0AAE1150A9355000E07EC /* icon.png in Resources */,
				07D0AAE2150A9355000E07EC /* icon@2x.png in Resources */,
				07D0AAF8150A940C000E07EC /* Localizable.strings in Resources */,
				07D0AB02150A94C6000E07EC /* MainViewController.xib in Resources */,
				07D0AB04150A966C000E07EC /* verify.sh in Resources */,
				07DA345F155DA5E3004E655A /* appicon.png in Resources */,
				07DA35201561F980004E655A /* appicon3g.png in Resources */,
				07D9A98F1580962200AD5447 /* beep.wav in Resources */,
				0739AF64158DCAB600FA5050 /* Capture.bundle in Resources */,
				079CA21A159F94590026A58E /* FBDialog.bundle in Resources */,
				079CA237159F94960026A58E /* .gitignore in Resources */,
				079CA239159F94960026A58E /* onefile-zxing.py in Resources */,
				079CA23B159F94960026A58E /* README.md in Resources */,
				079CA23C159F94960026A58E /* scannerOverlay.xib in Resources */,
				079CA240159F94960026A58E /* index.html in Resources */,
				079CA241159F94960026A58E /* readme.md in Resources */,
			);
			runOnlyForDeploymentPostprocessing = 0;
		};
/* End PBXResourcesBuildPhase section */

/* Begin PBXShellScriptBuildPhase section */
		0706DDFB14A2A6F90023AE8E /* ShellScript */ = {
			isa = PBXShellScriptBuildPhase;
			buildActionMask = 2147483647;
			files = (
			);
			inputPaths = (
			);
			outputPaths = (
			);
			runOnlyForDeploymentPostprocessing = 0;
			shellPath = /bin/bash;
			shellScript = "#appPath=\"/Users/eric/Documents/Aptana Studio 3 Workspace/GetKickBak/public/javascripts/mobile\";\nappPath=\"/Users/eric/Documents/GetKickBak/V1.0.2/V1.0.2/public/javascripts/mobile\";\n\nlibPath=\"lib/sencha-touch-2.0.1.1\";\n\nmkdir -p $PROJECT_DIR/www/app/store\nmkdir -p $PROJECT_DIR/www/app/profile\nmkdir -p $PROJECT_DIR/www/resources/themes/images\n\nrsync -pvtrlL --delete --cvs-exclude \"$appPath\"/app/store/main*Page.json $PROJECT_DIR/www/app/store/\nrsync -pvtrlL --delete --cvs-exclude \"$appPath\"/app/profile/Iphone.js $PROJECT_DIR/www/app/profile/\n\nrsync -pvtrlL --delete --cvs-exclude \"$appPath\"/*.htm $PROJECT_DIR/www/\nrsync -pvtrlL --delete --cvs-exclude \"$appPath\"/client-all.js $PROJECT_DIR/www/\nrsync -pvtrlL --delete --cvs-exclude \"$appPath\"/core.js $PROJECT_DIR/www/\nrsync -pvtrlL --delete --cvs-exclude \"$appPath\"/index.html $PROJECT_DIR/www/\nrsync -pvtrlL --delete --cvs-exclude \"$appPath\"/lib/cordova*.*.*.js $PROJECT_DIR/www/lib/\nrsync -pvtrlL --delete --cvs-exclude \"$appPath\"/lib/*min.js $PROJECT_DIR/www/lib/\nrsync -pvtrlL --delete --cvs-exclude \"$appPath\"/lib/core/*facebook*.js $PROJECT_DIR/www/lib/core/\nrsync -pvtrlL --delete --cvs-exclude \"$appPath\"/lib/core/*fb-connect*.js $PROJECT_DIR/www/lib/core/\nrsync -pvtrlL --delete --cvs-exclude \"$appPath\"/$libPath/sencha-touch-all.js $PROJECT_DIR/www/lib/\n\nrsync -pvtrlL --delete --cvs-exclude \"$appPath\"/resources/css/ios\n.css $PROJECT_DIR/www/resources/css/\nrsync -pvtrlL --delete --cvs-exclude \"$appPath\"/resources/audio/*.mp3 $PROJECT_DIR/www/resources/audio/\nrsync -pvtrlL --delete --cvs-exclude \"$appPath\"/resources/audio/*.wav $PROJECT_DIR/www/resources/audio/\nrsync -pvtrlL --delete --cvs-exclude \"$appPath\"/resources/themes/images/v1 $PROJECT_DIR/www/resources/themes/images\n\n#--\n#rsync -pvtrlL --delete --cvs-exclude \"$appPath\"/$libPath/src/device $PROJECT_DIR/www/$libPath/src\n#rsync -pvtrlL --delete --cvs-exclude \"$appPath\"/$libPath/examples/kitchensink $PROJECT_DIR/www/$libPath/examples\n#rsync -pvtrlL --delete --cvs-exclude \"$appPath\"/$libPath/examples/resources $PROJECT_DIR/www/$libPath/examples\n#rsync -pvtrlL --delete --cvs-exclude \"$appPath\"/$libPath/examples/video $PROJECT_DIR/www/$libPath/examples\n#rsync -pvtrlL --delete --cvs-exclude \"$appPath\"/$libPath/examples/audio $PROJECT_DIR/www/$libPath/examples\n#---\n\nif [ ! -d \"$PROJECT_DIR/www\" ] ; then\ncp -R /Users/Shared/Cordova/Frameworks/PhoneGap.framework/www \"$PROJECT_DIR\"\nfi\n# detect www folder reference in project, if missing, print warning\ngrep \"{isa = PBXFileReference; lastKnownFileType = folder; path = www; sourceTree = \\\"<group>\\\"; };\" \"$PROJECT_DIR/$PROJECT_NAME.xcodeproj/project.pbxproj\"\nrc=$? \nif [ $rc != 0 ] ; then\necho -e \"warning: Missing - Add $PROJECT_DIR/www as a folder reference in your project. Just drag and drop the folder into your project, into the Project Navigator of Xcode 4. Make sure you select the second radio-button: 'Create folder references for any added folders' (which will create a blue folder)\" 1>&2\nfi\n";
		};
/* End PBXShellScriptBuildPhase section */

/* Begin PBXSourcesBuildPhase section */
		0706DDF614A2A6F90023AE8E /* Sources */ = {
			isa = PBXSourcesBuildPhase;
			buildActionMask = 2147483647;
			files = (
				0706DE2214A2A6F90023AE8E /* main.m in Sources */,
				07D0AAFF150A9497000E07EC /* AppDelegate.m in Sources */,
				07D0AB00150A9497000E07EC /* MainViewController.m in Sources */,
				073B1E76156D96E1000FB928 /* NSDataAdditions.m in Sources */,
				079CA209159F8F930026A58E /* PushNotification.m in Sources */,
				079CA236159F94960026A58E /* barcodescanner.js in Sources */,
				079CA238159F94960026A58E /* Makefile in Sources */,
				079CA23A159F94960026A58E /* CDVBarcodeScanner.mm in Sources */,
				079CA23D159F94960026A58E /* zxing-all-in-one.cpp in Sources */,
				079CA23E159F94960026A58E /* EmailComposer.js in Sources */,
				079CA23F159F94960026A58E /* EmailComposer.m in Sources */,
				079CA242159F94960026A58E /* FacebookConnectPlugin.m in Sources */,
				079CA243159F94960026A58E /* LowLatencyAudio.m in Sources */,
				079CA244159F94960026A58E /* LowLatencyAudioAsset.m in Sources */,
				07B69F0B15ECBBC1002F781E /* Bluetooth.js in Sources */,
				07B69F0C15ECBBC1002F781E /* Bluetooth.m in Sources */,
			);
			runOnlyForDeploymentPostprocessing = 0;
		};
/* End PBXSourcesBuildPhase section */

/* Begin PBXVariantGroup section */
		07D0AAEC150A940C000E07EC /* Localizable.strings */ = {
			isa = PBXVariantGroup;
			children = (
				07D0AAED150A940C000E07EC /* de */,
			);
			name = Localizable.strings;
			sourceTree = "<group>";
		};
		07D0AAEF150A940C000E07EC /* Localizable.strings */ = {
			isa = PBXVariantGroup;
			children = (
				07D0AAF0150A940C000E07EC /* en */,
			);
			name = Localizable.strings;
			sourceTree = "<group>";
		};
		07D0AAF2150A940C000E07EC /* Localizable.strings */ = {
			isa = PBXVariantGroup;
			children = (
				07D0AAF3150A940C000E07EC /* es */,
			);
			name = Localizable.strings;
			sourceTree = "<group>";
		};
		07D0AAF5150A940C000E07EC /* Localizable.strings */ = {
			isa = PBXVariantGroup;
			children = (
				07D0AAF6150A940C000E07EC /* se */,
			);
			name = Localizable.strings;
			sourceTree = "<group>";
		};
/* End PBXVariantGroup section */

/* Begin XCBuildConfiguration section */
		0706DE4514A2A6F90023AE8E /* Debug */ = {
			isa = XCBuildConfiguration;
			buildSettings = {
				ALWAYS_SEARCH_USER_PATHS = NO;
				ARCHS = "$(ARCHS_STANDARD_32_BIT)";
				CLANG_CXX_LANGUAGE_STANDARD = "compiler-default";
				CLANG_CXX_LIBRARY = "compiler-default";
				CLANG_ENABLE_OBJC_ARC = NO;
				CLANG_WARN_CXX0X_EXTENSIONS = YES;
				CLANG_WARN_OBJCPP_ARC_ABI = NO;
				CODE_SIGN_IDENTITY = "iPhone Developer";
				"CODE_SIGN_IDENTITY[sdk=iphoneos*]" = "iPhone Developer";
				COPY_PHASE_STRIP = NO;
				GCC_C_LANGUAGE_STANDARD = c99;
				GCC_DYNAMIC_NO_PIC = NO;
				GCC_OPTIMIZATION_LEVEL = 0;
				GCC_PREPROCESSOR_DEFINITIONS = (
					"DEBUG=1",
					"$(inherited)",
				);
				GCC_SYMBOLS_PRIVATE_EXTERN = NO;
				GCC_VERSION = "";
				GCC_WARN_ABOUT_MISSING_PROTOTYPES = YES;
				GCC_WARN_ABOUT_RETURN_TYPE = YES;
				GCC_WARN_HIDDEN_VIRTUAL_FUNCTIONS = YES;
				GCC_WARN_UNUSED_VARIABLE = YES;
				IPHONEOS_DEPLOYMENT_TARGET = 4.3;
				OTHER_CPLUSPLUSFLAGS = "$(OTHER_CFLAGS)";
				PROVISIONING_PROFILE = "";
				"PROVISIONING_PROFILE[sdk=iphoneos*]" = "";
				SDKROOT = iphoneos;
				SKIP_INSTALL = NO;
				VALIDATE_PRODUCT = YES;
			};
			name = Debug;
		};
		0706DE4614A2A6F90023AE8E /* Release */ = {
			isa = XCBuildConfiguration;
			buildSettings = {
				ALWAYS_SEARCH_USER_PATHS = NO;
				ARCHS = "$(ARCHS_STANDARD_32_BIT)";
				CLANG_CXX_LANGUAGE_STANDARD = "compiler-default";
				CLANG_CXX_LIBRARY = "compiler-default";
				CLANG_ENABLE_OBJC_ARC = NO;
				CLANG_WARN_CXX0X_EXTENSIONS = YES;
				CLANG_WARN_OBJCPP_ARC_ABI = NO;
				CODE_SIGN_IDENTITY = "iPhone Distribution: Eric Chan";
				"CODE_SIGN_IDENTITY[sdk=iphoneos*]" = "iPhone Distribution: Eric Chan";
				COPY_PHASE_STRIP = YES;
				GCC_C_LANGUAGE_STANDARD = c99;
				GCC_PREPROCESSOR_DEFINITIONS = "-DNS_BLOCK_ASSERTIONS=1";
				GCC_VERSION = "";
				GCC_WARN_ABOUT_MISSING_PROTOTYPES = YES;
				GCC_WARN_ABOUT_RETURN_TYPE = YES;
				GCC_WARN_HIDDEN_VIRTUAL_FUNCTIONS = YES;
				GCC_WARN_UNUSED_VARIABLE = YES;
				IPHONEOS_DEPLOYMENT_TARGET = 4.3;
				OTHER_CFLAGS = "-DNS_BLOCK_ASSERTIONS=1";
				OTHER_CPLUSPLUSFLAGS = (
					"-DNS_BLOCK_ASSERTIONS=1",
					"$(OTHER_CFLAGS)",
				);
				PROVISIONING_PROFILE = "2263708E-611E-4B7E-9C38-30B2EB657739";
				"PROVISIONING_PROFILE[sdk=iphoneos*]" = "2263708E-611E-4B7E-9C38-30B2EB657739";
				SDKROOT = iphoneos;
				SKIP_INSTALL = NO;
				VALIDATE_PRODUCT = YES;
			};
			name = Release;
		};
		0706DE4814A2A6F90023AE8E /* Debug */ = {
			isa = XCBuildConfiguration;
			buildSettings = {
				ALWAYS_SEARCH_USER_PATHS = YES;
				ARCHS = (
					"$(ARCHS_STANDARD_32_BIT)",
					arm6,
				);
				CLANG_ENABLE_OBJC_ARC = NO;
				CLANG_WARN_OBJCPP_ARC_ABI = NO;
				CODE_SIGN_IDENTITY = "iPhone Developer: Eric Chan (RNZK43S324)";
				"CODE_SIGN_IDENTITY[sdk=iphoneos*]" = "iPhone Developer: Eric Chan (RNZK43S324)";
				COPY_PHASE_STRIP = NO;
				FRAMEWORK_SEARCH_PATHS = (
					/Users/Shared/Cordova/Frameworks,
					"\"$(SRCROOT)/../../../../Shared/Cordova-1.8.1/Frameworks\"",
				);
				GCC_DYNAMIC_NO_PIC = NO;
				GCC_PRECOMPILE_PREFIX_HEADER = YES;
				GCC_PREFIX_HEADER = "GetKickBak/GetKickBak-Prefix.pch";
				GCC_PREPROCESSOR_DEFINITIONS = "CORDOVA_FRAMEWORK=YES";
				GCC_VERSION = "";
				INFOPLIST_FILE = "GetKickBak/GetKickBak-Info.plist";
				IPHONEOS_DEPLOYMENT_TARGET = 4.3;
				LIBRARY_SEARCH_PATHS = (
					"$(inherited)",
					"\"$(SRCROOT)/../RedLaser SDK Files\"",
					"\"$(SRCROOT)\"",
					"\"$(SRCROOT)/Release-iphoneos\"",
					"\"$(SRCROOT)/Release-iphonesimulator\"",
					"\"$(SRCROOT)/GetKickBak/facebook-ios-sdk\"",
					"\"$(SRCROOT)/GetKickBak/Release-iphoneos\"",
					"\"$(SRCROOT)/GetKickBak/Release-iphonesimulator\"",
					"\"$(SRCROOT)/GetKickBak/Plugins/facebook-ios-sdk\"",
				);
				OTHER_CPLUSPLUSFLAGS = "$(OTHER_CFLAGS)";
				OTHER_LDFLAGS = (
					"-all_load",
					"-Obj-C",
				);
				PRODUCT_NAME = KICKBAK;
				PROVISIONING_PROFILE = "B8224B48-8949-4A57-B8D2-0E90212E880E";
				"PROVISIONING_PROFILE[sdk=iphoneos*]" = "B8224B48-8949-4A57-B8D2-0E90212E880E";
				TARGETED_DEVICE_FAMILY = 1;
				USER_HEADER_SEARCH_PATHS = "";
				VALID_ARCHS = "armv7 armv7s arm6";
				WRAPPER_EXTENSION = app;
			};
			name = Debug;
		};
		0706DE4914A2A6F90023AE8E /* Release */ = {
			isa = XCBuildConfiguration;
			buildSettings = {
				ALWAYS_SEARCH_USER_PATHS = YES;
				ARCHS = (
					"$(ARCHS_STANDARD_32_BIT)",
					arm6,
				);
				CLANG_ENABLE_OBJC_ARC = NO;
				CLANG_WARN_OBJCPP_ARC_ABI = NO;
				CODE_SIGN_IDENTITY = "iPhone Developer: Eric Chan (RNZK43S324)";
				"CODE_SIGN_IDENTITY[sdk=iphoneos*]" = "iPhone Developer: Eric Chan (RNZK43S324)";
				COPY_PHASE_STRIP = YES;
				DEBUG_INFORMATION_FORMAT = "dwarf-with-dsym";
				FRAMEWORK_SEARCH_PATHS = (
					/Users/Shared/Cordova/Frameworks,
					"\"$(SRCROOT)/../../../../Shared/Cordova-1.8.1/Frameworks\"",
				);
				GCC_PRECOMPILE_PREFIX_HEADER = YES;
				GCC_PREFIX_HEADER = "GetKickBak/GetKickBak-Prefix.pch";
				GCC_PREPROCESSOR_DEFINITIONS = "CORDOVA_FRAMEWORK=YES";
				GCC_VERSION = "";
				INFOPLIST_FILE = "GetKickBak/GetKickBak-Info.plist";
				IPHONEOS_DEPLOYMENT_TARGET = 4.3;
				LIBRARY_SEARCH_PATHS = (
					"$(inherited)",
					"\"$(SRCROOT)/../RedLaser SDK Files\"",
					"\"$(SRCROOT)\"",
					"\"$(SRCROOT)/Release-iphoneos\"",
					"\"$(SRCROOT)/Release-iphonesimulator\"",
					"\"$(SRCROOT)/GetKickBak/facebook-ios-sdk\"",
					"\"$(SRCROOT)/GetKickBak/Release-iphoneos\"",
					"\"$(SRCROOT)/GetKickBak/Release-iphonesimulator\"",
					"\"$(SRCROOT)/GetKickBak/Plugins/facebook-ios-sdk\"",
				);
				OTHER_CFLAGS = "-DNS_BLOCK_ASSERTIONS=1";
				OTHER_CPLUSPLUSFLAGS = (
					"-DNS_BLOCK_ASSERTIONS=1",
					"$(OTHER_CFLAGS)",
				);
				OTHER_LDFLAGS = (
					"-all_load",
					"-Obj-C",
				);
				PRODUCT_NAME = KICKBAK;
				PROVISIONING_PROFILE = "B8224B48-8949-4A57-B8D2-0E90212E880E";
				"PROVISIONING_PROFILE[sdk=iphoneos*]" = "B8224B48-8949-4A57-B8D2-0E90212E880E";
				TARGETED_DEVICE_FAMILY = 1;
				VALIDATE_PRODUCT = YES;
				VALID_ARCHS = "armv7 armv7s arm6";
				WRAPPER_EXTENSION = app;
			};
			name = Release;
		};
/* End XCBuildConfiguration section */

/* Begin XCConfigurationList section */
		0706DDF414A2A6F90023AE8E /* Build configuration list for PBXProject "GetKickBak" */ = {
			isa = XCConfigurationList;
			buildConfigurations = (
				0706DE4514A2A6F90023AE8E /* Debug */,
				0706DE4614A2A6F90023AE8E /* Release */,
			);
			defaultConfigurationIsVisible = 0;
			defaultConfigurationName = Release;
		};
		0706DE4714A2A6F90023AE8E /* Build configuration list for PBXNativeTarget "GetKickBak" */ = {
			isa = XCConfigurationList;
			buildConfigurations = (
				0706DE4814A2A6F90023AE8E /* Debug */,
				0706DE4914A2A6F90023AE8E /* Release */,
			);
			defaultConfigurationIsVisible = 0;
			defaultConfigurationName = Release;
		};
/* End XCConfigurationList section */
	};
	rootObject = 0706DDF114A2A6F90023AE8E /* Project object */;
}
